// !$*UTF8*$!
{
	archiveVersion = 1;
	classes = {
	};
	objectVersion = 51;
	objects = {

/* Begin PBXBuildFile section */
		020C9C9D248FC36300A6BDE6 /* Default-568h@2x.png in Resources */ = {isa = PBXBuildFile; fileRef = 020C9C9C248FC36300A6BDE6 /* Default-568h@2x.png */; };
		020C9C9F248FDFC300A6BDE6 /* Date+Ext.swift in Sources */ = {isa = PBXBuildFile; fileRef = 020C9C9E248FDFC300A6BDE6 /* Date+Ext.swift */; };
		020C9CA32490229B00A6BDE6 /* CustomNewsCell.swift in Sources */ = {isa = PBXBuildFile; fileRef = 020C9CA22490229B00A6BDE6 /* CustomNewsCell.swift */; };
		020C9CA52490234200A6BDE6 /* CustomCellSizeCalculator.swift in Sources */ = {isa = PBXBuildFile; fileRef = 020C9CA42490234200A6BDE6 /* CustomCellSizeCalculator.swift */; };
		020C9CA7249023D000A6BDE6 /* CustomMessagesFlowLayout.swift in Sources */ = {isa = PBXBuildFile; fileRef = 020C9CA6249023D000A6BDE6 /* CustomMessagesFlowLayout.swift */; };
		020C9CA924903AB200A6BDE6 /* UICollectionView+Ext.swift in Sources */ = {isa = PBXBuildFile; fileRef = 020C9CA824903AB200A6BDE6 /* UICollectionView+Ext.swift */; };
		02262BB824C9350100BBDF0D /* MainStatistics.swift in Sources */ = {isa = PBXBuildFile; fileRef = 02262BB724C9350100BBDF0D /* MainStatistics.swift */; };
		023A84D5249D0FA500202D87 /* NSLayoutContraint+Ext.swift in Sources */ = {isa = PBXBuildFile; fileRef = 023A84D4249D0FA500202D87 /* NSLayoutContraint+Ext.swift */; };
		023A84D7249D72E300202D87 /* UIView+Ext.swift in Sources */ = {isa = PBXBuildFile; fileRef = 023A84D6249D72E300202D87 /* UIView+Ext.swift */; };
		023A84D9249EA98800202D87 /* DistancePoint.swift in Sources */ = {isa = PBXBuildFile; fileRef = 023A84D8249EA98800202D87 /* DistancePoint.swift */; };
		023A84DB249ED17C00202D87 /* DistanceCalculator.swift in Sources */ = {isa = PBXBuildFile; fileRef = 023A84DA249ED17C00202D87 /* DistanceCalculator.swift */; };
		023F989824EF6EFA00C3365E /* MainOnboardViewController.swift in Sources */ = {isa = PBXBuildFile; fileRef = 023F989724EF6EFA00C3365E /* MainOnboardViewController.swift */; };
		023F98B024F1CEA700C3365E /* PaperOnboarding.swift in Sources */ = {isa = PBXBuildFile; fileRef = 023F98AD24F1CEA700C3365E /* PaperOnboarding.swift */; };
		023F98B124F1CEA700C3365E /* PaperOnboardingDataSource.swift in Sources */ = {isa = PBXBuildFile; fileRef = 023F98AE24F1CEA700C3365E /* PaperOnboardingDataSource.swift */; };
		023F98B224F1CEA700C3365E /* PaperOnboardingDelegate.swift in Sources */ = {isa = PBXBuildFile; fileRef = 023F98AF24F1CEA700C3365E /* PaperOnboardingDelegate.swift */; };
		023F98C424F1CEB800C3365E /* FillAnimationView.swift in Sources */ = {isa = PBXBuildFile; fileRef = 023F98B424F1CEB600C3365E /* FillAnimationView.swift */; };
		023F98C824F1CEB800C3365E /* OnboardingContentView.swift in Sources */ = {isa = PBXBuildFile; fileRef = 023F98BB24F1CEB700C3365E /* OnboardingContentView.swift */; };
		023F98C924F1CEB800C3365E /* OnboardingContantViewItem.swift in Sources */ = {isa = PBXBuildFile; fileRef = 023F98BD24F1CEB700C3365E /* OnboardingContantViewItem.swift */; };
		023F98CA24F1CEB800C3365E /* PageContainer.swift in Sources */ = {isa = PBXBuildFile; fileRef = 023F98C024F1CEB700C3365E /* PageContainer.swift */; };
		023F98CB24F1CEB800C3365E /* PageViewItem.swift in Sources */ = {isa = PBXBuildFile; fileRef = 023F98C224F1CEB700C3365E /* PageViewItem.swift */; };
		023F98CC24F1CEB800C3365E /* PageView.swift in Sources */ = {isa = PBXBuildFile; fileRef = 023F98C324F1CEB700C3365E /* PageView.swift */; };
		023F98CE24F1EC1700C3365E /* UINavigationController + Ext.swift in Sources */ = {isa = PBXBuildFile; fileRef = 023F98CD24F1EC1700C3365E /* UINavigationController + Ext.swift */; };
		023F98D024F1EDEF00C3365E /* ConfigurationObject.swift in Sources */ = {isa = PBXBuildFile; fileRef = 023F98CF24F1EDEF00C3365E /* ConfigurationObject.swift */; };
		023F98D224F5945100C3365E /* InitialViewController.swift in Sources */ = {isa = PBXBuildFile; fileRef = 023F98D124F5945100C3365E /* InitialViewController.swift */; };
		023F98D424F89CF900C3365E /* TableViewCell.swift in Sources */ = {isa = PBXBuildFile; fileRef = 023F98D324F89CF900C3365E /* TableViewCell.swift */; };
		02579DFC24BC6887004D1413 /* DataManager.swift in Sources */ = {isa = PBXBuildFile; fileRef = 02579DFB24BC6887004D1413 /* DataManager.swift */; };
		025A7F6124CD0F1D00405FDC /* Checkbox.swift in Sources */ = {isa = PBXBuildFile; fileRef = 025A7F6024CD0F1D00405FDC /* Checkbox.swift */; };
		025A7F6324CD3ACA00405FDC /* CheckboxFeedbackView.swift in Sources */ = {isa = PBXBuildFile; fileRef = 025A7F6224CD3ACA00405FDC /* CheckboxFeedbackView.swift */; };
		025EE78F24C4CCCD00352E74 /* ProfileDetailViewController.swift in Sources */ = {isa = PBXBuildFile; fileRef = 025EE78E24C4CCCD00352E74 /* ProfileDetailViewController.swift */; };
		025EE79324C4D0BB00352E74 /* GraphView.swift in Sources */ = {isa = PBXBuildFile; fileRef = 025EE79224C4D0BB00352E74 /* GraphView.swift */; };
		025EE79524C4E29C00352E74 /* IdeologyMapping.swift in Sources */ = {isa = PBXBuildFile; fileRef = 025EE79424C4E29C00352E74 /* IdeologyMapping.swift */; };
		026001B224D561D70018428F /* PastConversationDetailVC.swift in Sources */ = {isa = PBXBuildFile; fileRef = 026001B124D561D70018428F /* PastConversationDetailVC.swift */; };
		027856EC24B2BAFF00C1131A /* News.swift in Sources */ = {isa = PBXBuildFile; fileRef = 027856EB24B2BAFF00C1131A /* News.swift */; };
		027856F524B680FD00C1131A /* Popup.swift in Sources */ = {isa = PBXBuildFile; fileRef = 027856F424B680FD00C1131A /* Popup.swift */; };
		027856F724B690BB00C1131A /* OnboardViewController.swift in Sources */ = {isa = PBXBuildFile; fileRef = 027856F624B690BB00C1131A /* OnboardViewController.swift */; };
		027856F924B691D400C1131A /* ModalLayoutView.swift in Sources */ = {isa = PBXBuildFile; fileRef = 027856F824B691D400C1131A /* ModalLayoutView.swift */; };
		027856FB24B692A100C1131A /* ButtonLayoutView.swift in Sources */ = {isa = PBXBuildFile; fileRef = 027856FA24B692A100C1131A /* ButtonLayoutView.swift */; };
		027856FD24B692DD00C1131A /* Button.swift in Sources */ = {isa = PBXBuildFile; fileRef = 027856FC24B692DD00C1131A /* Button.swift */; };
		027856FF24B6931500C1131A /* OldAppearance.swift in Sources */ = {isa = PBXBuildFile; fileRef = 027856FE24B6931500C1131A /* OldAppearance.swift */; };
		0278570124B6968900C1131A /* NewsViewController.swift in Sources */ = {isa = PBXBuildFile; fileRef = 0278570024B6968900C1131A /* NewsViewController.swift */; };
		0278570324B696DF00C1131A /* OnboardPagingView.swift in Sources */ = {isa = PBXBuildFile; fileRef = 0278570224B696DF00C1131A /* OnboardPagingView.swift */; };
		0278570524B6987D00C1131A /* NewsImageView.swift in Sources */ = {isa = PBXBuildFile; fileRef = 0278570424B6987D00C1131A /* NewsImageView.swift */; };
		0278570724B7102600C1131A /* PresentationAnimationController.swift in Sources */ = {isa = PBXBuildFile; fileRef = 0278570624B7102600C1131A /* PresentationAnimationController.swift */; };
		0278570924B710C000C1131A /* PopupDismissalAnimationController.swift in Sources */ = {isa = PBXBuildFile; fileRef = 0278570824B710C000C1131A /* PopupDismissalAnimationController.swift */; };
		0278570D24B7846000C1131A /* UIImageView+Ext.swift in Sources */ = {isa = PBXBuildFile; fileRef = 0278570C24B7845F00C1131A /* UIImageView+Ext.swift */; };
		028D4FC024C3981C00976600 /* FeedbackVC.swift in Sources */ = {isa = PBXBuildFile; fileRef = 028D4FBF24C3981C00976600 /* FeedbackVC.swift */; };
		028D4FC224C3986300976600 /* SliderView.swift in Sources */ = {isa = PBXBuildFile; fileRef = 028D4FC124C3986300976600 /* SliderView.swift */; };
		028D4FC424C3987100976600 /* TextfieldView.swift in Sources */ = {isa = PBXBuildFile; fileRef = 028D4FC324C3987100976600 /* TextfieldView.swift */; };
		028D4FC624C3987C00976600 /* ProfilerSliderView.swift in Sources */ = {isa = PBXBuildFile; fileRef = 028D4FC524C3987C00976600 /* ProfilerSliderView.swift */; };
		02A542D024AA558100A03A81 /* LanguageModeration.swift in Sources */ = {isa = PBXBuildFile; fileRef = 02A542CF24AA558100A03A81 /* LanguageModeration.swift */; };
		02A542D224AA55A000A03A81 /* LanguageModerationDictionary.swift in Sources */ = {isa = PBXBuildFile; fileRef = 02A542D124AA55A000A03A81 /* LanguageModerationDictionary.swift */; };
		02A542D424AA55AF00A03A81 /* LanguageModerationResources.swift in Sources */ = {isa = PBXBuildFile; fileRef = 02A542D324AA55AF00A03A81 /* LanguageModerationResources.swift */; };
		02A542D624AA58B500A03A81 /* String+Ext.swift in Sources */ = {isa = PBXBuildFile; fileRef = 02A542D524AA58B500A03A81 /* String+Ext.swift */; };
		02A542D824AA5B7400A03A81 /* NSString+Ext.swift in Sources */ = {isa = PBXBuildFile; fileRef = 02A542D724AA5B7400A03A81 /* NSString+Ext.swift */; };
		02A542DA24AA5BBD00A03A81 /* NSMutableString+Ext.swift in Sources */ = {isa = PBXBuildFile; fileRef = 02A542D924AA5BBD00A03A81 /* NSMutableString+Ext.swift */; };
		02A542DC24AA5C0600A03A81 /* NSAttributedString+Ext.swift in Sources */ = {isa = PBXBuildFile; fileRef = 02A542DB24AA5C0600A03A81 /* NSAttributedString+Ext.swift */; };
		02A542E024AB4D8B00A03A81 /* CensoredWordsList.json in Resources */ = {isa = PBXBuildFile; fileRef = 02A542DF24AB4D8B00A03A81 /* CensoredWordsList.json */; };
		02A6A21A24E95863000B9364 /* UserDefaults.swift in Sources */ = {isa = PBXBuildFile; fileRef = 02A6A21924E95863000B9364 /* UserDefaults.swift */; };
		02A6A21C24E99EE2000B9364 /* Collection+Ext.swift in Sources */ = {isa = PBXBuildFile; fileRef = 02A6A21B24E99EE2000B9364 /* Collection+Ext.swift */; };
		02A6A21E24E9AE11000B9364 /* QuestionObject.swift in Sources */ = {isa = PBXBuildFile; fileRef = 02A6A21D24E9AE11000B9364 /* QuestionObject.swift */; };
		02A6A22124E9C6ED000B9364 /* Persistable.swift in Sources */ = {isa = PBXBuildFile; fileRef = 02A6A22024E9C6ED000B9364 /* Persistable.swift */; };
		02A6A22324E9CC04000B9364 /* Container.swift in Sources */ = {isa = PBXBuildFile; fileRef = 02A6A22224E9CC04000B9364 /* Container.swift */; };
		02A6A22524E9CCAE000B9364 /* WriteTransaction.swift in Sources */ = {isa = PBXBuildFile; fileRef = 02A6A22424E9CCAE000B9364 /* WriteTransaction.swift */; };
		02A6A22924EA9E51000B9364 /* RealmUtil.swift in Sources */ = {isa = PBXBuildFile; fileRef = 02A6A22824EA9E51000B9364 /* RealmUtil.swift */; };
		02A6A22B24EAA98D000B9364 /* PoliticalQuizVC.swift in Sources */ = {isa = PBXBuildFile; fileRef = 02A6A22A24EAA98C000B9364 /* PoliticalQuizVC.swift */; };
		02AC8CB724ACA66300C4D120 /* CoreDataStack.swift in Sources */ = {isa = PBXBuildFile; fileRef = 02AC8CB624ACA66300C4D120 /* CoreDataStack.swift */; };
		02ADDAE8249629130073039B /* Sender.swift in Sources */ = {isa = PBXBuildFile; fileRef = 02ADDAE7249629130073039B /* Sender.swift */; };
		02ADDAEA24964E970073039B /* ParticipantFeedback.swift in Sources */ = {isa = PBXBuildFile; fileRef = 02ADDAE924964E970073039B /* ParticipantFeedback.swift */; };
		02ADDAEC249765680073039B /* Snapshot+Ext.swift in Sources */ = {isa = PBXBuildFile; fileRef = 02ADDAEB249765680073039B /* Snapshot+Ext.swift */; };
		02ADDAF42497CDB10073039B /* ProfilePrivate.swift in Sources */ = {isa = PBXBuildFile; fileRef = 02ADDAF32497CDB10073039B /* ProfilePrivate.swift */; };
		02ADDAF62497CDD80073039B /* ProfilePublic.swift in Sources */ = {isa = PBXBuildFile; fileRef = 02ADDAF52497CDD80073039B /* ProfilePublic.swift */; };
		02ADDAFA2497E02F0073039B /* UIColor+Ext.swift in Sources */ = {isa = PBXBuildFile; fileRef = 02ADDAF92497E02F0073039B /* UIColor+Ext.swift */; };
		02ADDB6D249ADBDE0073039B /* HomeVC.swift in Sources */ = {isa = PBXBuildFile; fileRef = 02ADDB6C249ADBDE0073039B /* HomeVC.swift */; };
		02ADDB6F249AE18D0073039B /* ProfileVC.swift in Sources */ = {isa = PBXBuildFile; fileRef = 02ADDB6E249AE18D0073039B /* ProfileVC.swift */; };
		02ADDB95249BB75C0073039B /* NavigationController.swift in Sources */ = {isa = PBXBuildFile; fileRef = 02ADDB94249BB75C0073039B /* NavigationController.swift */; };
		02ADDB97249BD3DE0073039B /* CGRect+Ext.swift in Sources */ = {isa = PBXBuildFile; fileRef = 02ADDB96249BD3DE0073039B /* CGRect+Ext.swift */; };
		259D382C6644788B81A90C56 /* Pods_Polink.framework in Frameworks */ = {isa = PBXBuildFile; fileRef = 0668103F5F264B3F2DD00D14 /* Pods_Polink.framework */; };
		E11D054B25412829006D85B2 /* RegistrationViewController.swift in Sources */ = {isa = PBXBuildFile; fileRef = E11D054A25412829006D85B2 /* RegistrationViewController.swift */; };
		E177E62B253B29ED00488EB2 /* RegistrationUserViewModel.swift in Sources */ = {isa = PBXBuildFile; fileRef = E177E62A253B29ED00488EB2 /* RegistrationUserViewModel.swift */; };
		E177E62D253B2E5900488EB2 /* UserModel.swift in Sources */ = {isa = PBXBuildFile; fileRef = E177E62C253B2E5900488EB2 /* UserModel.swift */; };
		E177E631253B31FB00488EB2 /* LogSignViewController.swift in Sources */ = {isa = PBXBuildFile; fileRef = E177E630253B31FB00488EB2 /* LogSignViewController.swift */; };
		E177E660253B37B600488EB2 /* AnimatedLogo.swift in Sources */ = {isa = PBXBuildFile; fileRef = E177E65F253B37B600488EB2 /* AnimatedLogo.swift */; };
		E177E6B8253B3DB600488EB2 /* GestureControl.swift in Sources */ = {isa = PBXBuildFile; fileRef = E177E6B7253B3DB600488EB2 /* GestureControl.swift */; };
		E177E6BA253B3DF300488EB2 /* Configuring.swift in Sources */ = {isa = PBXBuildFile; fileRef = E177E6B9253B3DF300488EB2 /* Configuring.swift */; };
		E177E6BC253B3DF500488EB2 /* ConstraintsHelper.swift in Sources */ = {isa = PBXBuildFile; fileRef = E177E6BB253B3DF400488EB2 /* ConstraintsHelper.swift */; };
		E177E6BE253B42D800488EB2 /* TitleLabel.swift in Sources */ = {isa = PBXBuildFile; fileRef = E177E6BD253B42D800488EB2 /* TitleLabel.swift */; };
		E177E6C1253B43DF00488EB2 /* Appearance.swift in Sources */ = {isa = PBXBuildFile; fileRef = E177E6C0253B43DF00488EB2 /* Appearance.swift */; };
		E177E6C4253B488C00488EB2 /* ChitChatAnimation.json in Resources */ = {isa = PBXBuildFile; fileRef = E177E6C3253B488C00488EB2 /* ChitChatAnimation.json */; };
		E177E6C8253B874000488EB2 /* PolinkLightAnimation.json in Resources */ = {isa = PBXBuildFile; fileRef = E177E6C7253B874000488EB2 /* PolinkLightAnimation.json */; };
		E177E6CA253B874500488EB2 /* PolinkDarkAnimation.json in Resources */ = {isa = PBXBuildFile; fileRef = E177E6C9253B874500488EB2 /* PolinkDarkAnimation.json */; };
		E177E6CD253CA19900488EB2 /* Localizable.strings in Resources */ = {isa = PBXBuildFile; fileRef = E177E6CF253CA19900488EB2 /* Localizable.strings */; };
		E177E6D8253CE29D00488EB2 /* LocalizedString.swift in Sources */ = {isa = PBXBuildFile; fileRef = E177E6D7253CE29D00488EB2 /* LocalizedString.swift */; };
		E177E6DA253DC10C00488EB2 /* Security.swift in Sources */ = {isa = PBXBuildFile; fileRef = E177E6D9253DC10C00488EB2 /* Security.swift */; };
		FE01AE7823E61241002F36FA /* AppDelegate.swift in Sources */ = {isa = PBXBuildFile; fileRef = FE01AE7723E61241002F36FA /* AppDelegate.swift */; };
		FE01AE7A23E61241002F36FA /* SceneDelegate.swift in Sources */ = {isa = PBXBuildFile; fileRef = FE01AE7923E61241002F36FA /* SceneDelegate.swift */; };
		FE01AE7C23E61241002F36FA /* InitialVC.swift in Sources */ = {isa = PBXBuildFile; fileRef = FE01AE7B23E61241002F36FA /* InitialVC.swift */; };
		FE01AE8123E61242002F36FA /* Assets.xcassets in Resources */ = {isa = PBXBuildFile; fileRef = FE01AE8023E61242002F36FA /* Assets.xcassets */; };
		FE01AE9123E61874002F36FA /* SignUpVC.swift in Sources */ = {isa = PBXBuildFile; fileRef = FE01AE9023E61874002F36FA /* SignUpVC.swift */; };
		FE01AE9323E61897002F36FA /* SignInVC.swift in Sources */ = {isa = PBXBuildFile; fileRef = FE01AE9223E61897002F36FA /* SignInVC.swift */; };
		FE01AE9523E618D6002F36FA /* QuizVC.swift in Sources */ = {isa = PBXBuildFile; fileRef = FE01AE9423E618D6002F36FA /* QuizVC.swift */; };
		FE0CE33523E884FD002E5604 /* Main.storyboard in Resources */ = {isa = PBXBuildFile; fileRef = FE0CE33423E884FD002E5604 /* Main.storyboard */; };
		FE0CE33723E88D1D002E5604 /* GoogleService-Info.plist in Resources */ = {isa = PBXBuildFile; fileRef = FE0CE33623E88D1D002E5604 /* GoogleService-Info.plist */; };
		FE0CE33923E8927E002E5604 /* K.swift in Sources */ = {isa = PBXBuildFile; fileRef = FE0CE33823E8927E002E5604 /* K.swift */; };
		FE32EB092484258E00E8C2D5 /* ChatVC.swift in Sources */ = {isa = PBXBuildFile; fileRef = FE32EB082484258E00E8C2D5 /* ChatVC.swift */; };
		FE3561062481A133007E23C9 /* UIPageControl+Ext.swift in Sources */ = {isa = PBXBuildFile; fileRef = FE3561052481A133007E23C9 /* UIPageControl+Ext.swift */; };
		FE3561082481A9A0007E23C9 /* UIPageVC+Ext.swift in Sources */ = {isa = PBXBuildFile; fileRef = FE3561072481A9A0007E23C9 /* UIPageVC+Ext.swift */; };
		FE35610A24829909007E23C9 /* UIButton+Ext.swift in Sources */ = {isa = PBXBuildFile; fileRef = FE35610924829909007E23C9 /* UIButton+Ext.swift */; };
		FE39868F23F5CADA0052C841 /* UserDataModel.swift in Sources */ = {isa = PBXBuildFile; fileRef = FE39868E23F5CADA0052C841 /* UserDataModel.swift */; };
		FE39869123F5CF2A0052C841 /* CLLocation+CodablExt.swift in Sources */ = {isa = PBXBuildFile; fileRef = FE39869023F5CF2A0052C841 /* CLLocation+CodablExt.swift */; };
		FE4A037A2484FD3500228F88 /* LobbyVC.swift in Sources */ = {isa = PBXBuildFile; fileRef = FE4A03792484FD3500228F88 /* LobbyVC.swift */; };
		FE4A037C24851B6D00228F88 /* Room.swift in Sources */ = {isa = PBXBuildFile; fileRef = FE4A037B24851B6D00228F88 /* Room.swift */; };
		FE4A038024851EC700228F88 /* Message.swift in Sources */ = {isa = PBXBuildFile; fileRef = FE4A037F24851EC700228F88 /* Message.swift */; };
		FE4A03822485BBEE00228F88 /* Registration.swift in Sources */ = {isa = PBXBuildFile; fileRef = FE4A03812485BBEE00228F88 /* Registration.swift */; };
		FE6886B423EAF601001F1301 /* UIViewController+Ext.swift in Sources */ = {isa = PBXBuildFile; fileRef = FE6886B323EAF601001F1301 /* UIViewController+Ext.swift */; };
		FE6886B623EB1865001F1301 /* QuizBrain.swift in Sources */ = {isa = PBXBuildFile; fileRef = FE6886B523EB1865001F1301 /* QuizBrain.swift */; };
		FE6886B823EB18F8001F1301 /* Question.swift in Sources */ = {isa = PBXBuildFile; fileRef = FE6886B723EB18F8001F1301 /* Question.swift */; };
		FE6886BA23EC69A1001F1301 /* AnswerButton.swift in Sources */ = {isa = PBXBuildFile; fileRef = FE6886B923EC69A1001F1301 /* AnswerButton.swift */; };
		FE84F5C923F9810900312206 /* UserInfoVC.swift in Sources */ = {isa = PBXBuildFile; fileRef = FE84F5C823F9810900312206 /* UserInfoVC.swift */; };
		FE84F5CB23F9813200312206 /* GenderVC.swift in Sources */ = {isa = PBXBuildFile; fileRef = FE84F5CA23F9813200312206 /* GenderVC.swift */; };
		FE84F5CD23F9814600312206 /* LocationVC.swift in Sources */ = {isa = PBXBuildFile; fileRef = FE84F5CC23F9814600312206 /* LocationVC.swift */; };
		FECE475223FB611800594D19 /* (null) in Embed Frameworks */ = {isa = PBXBuildFile; settings = {ATTRIBUTES = (CodeSignOnCopy, RemoveHeadersOnCopy, ); }; };
		FEE7083E23F2A55400E47E7B /* SpinnerVC.swift in Sources */ = {isa = PBXBuildFile; fileRef = FEE7083D23F2A55400E47E7B /* SpinnerVC.swift */; };
		FEF69CF223F8BFD3002C3524 /* TabBarController.swift in Sources */ = {isa = PBXBuildFile; fileRef = FEF69CF123F8BFD3002C3524 /* TabBarController.swift */; };
		FEF69CF423F8C430002C3524 /* Registration.storyboard in Resources */ = {isa = PBXBuildFile; fileRef = FEF69CF323F8C430002C3524 /* Registration.storyboard */; };
		FEF69CF823F8CA70002C3524 /* Quiz.storyboard in Resources */ = {isa = PBXBuildFile; fileRef = FEF69CF723F8CA70002C3524 /* Quiz.storyboard */; };
		FEF69CFA23F8CC8A002C3524 /* PageNavController.swift in Sources */ = {isa = PBXBuildFile; fileRef = FEF69CF923F8CC8A002C3524 /* PageNavController.swift */; };
		FEF69CFC23F961CE002C3524 /* RegistrationCheckVC.swift in Sources */ = {isa = PBXBuildFile; fileRef = FEF69CFB23F961CE002C3524 /* RegistrationCheckVC.swift */; };
/* End PBXBuildFile section */

/* Begin PBXCopyFilesBuildPhase section */
		FECE475323FB611800594D19 /* Embed Frameworks */ = {
			isa = PBXCopyFilesBuildPhase;
			buildActionMask = 2147483647;
			dstPath = "";
			dstSubfolderSpec = 10;
			files = (
				FECE475223FB611800594D19 /* (null) in Embed Frameworks */,
			);
			name = "Embed Frameworks";
			runOnlyForDeploymentPostprocessing = 0;
		};
/* End PBXCopyFilesBuildPhase section */

/* Begin PBXFileReference section */
		020C9C9C248FC36300A6BDE6 /* Default-568h@2x.png */ = {isa = PBXFileReference; lastKnownFileType = image.png; path = "Default-568h@2x.png"; sourceTree = "<group>"; };
		020C9C9E248FDFC300A6BDE6 /* Date+Ext.swift */ = {isa = PBXFileReference; lastKnownFileType = sourcecode.swift; path = "Date+Ext.swift"; sourceTree = "<group>"; };
		020C9CA22490229B00A6BDE6 /* CustomNewsCell.swift */ = {isa = PBXFileReference; lastKnownFileType = sourcecode.swift; path = CustomNewsCell.swift; sourceTree = "<group>"; };
		020C9CA42490234200A6BDE6 /* CustomCellSizeCalculator.swift */ = {isa = PBXFileReference; lastKnownFileType = sourcecode.swift; path = CustomCellSizeCalculator.swift; sourceTree = "<group>"; };
		020C9CA6249023D000A6BDE6 /* CustomMessagesFlowLayout.swift */ = {isa = PBXFileReference; lastKnownFileType = sourcecode.swift; path = CustomMessagesFlowLayout.swift; sourceTree = "<group>"; };
		020C9CA824903AB200A6BDE6 /* UICollectionView+Ext.swift */ = {isa = PBXFileReference; lastKnownFileType = sourcecode.swift; path = "UICollectionView+Ext.swift"; sourceTree = "<group>"; };
		02262BB724C9350100BBDF0D /* MainStatistics.swift */ = {isa = PBXFileReference; lastKnownFileType = sourcecode.swift; path = MainStatistics.swift; sourceTree = "<group>"; };
		023A84D4249D0FA500202D87 /* NSLayoutContraint+Ext.swift */ = {isa = PBXFileReference; lastKnownFileType = sourcecode.swift; path = "NSLayoutContraint+Ext.swift"; sourceTree = "<group>"; };
		023A84D6249D72E300202D87 /* UIView+Ext.swift */ = {isa = PBXFileReference; lastKnownFileType = sourcecode.swift; path = "UIView+Ext.swift"; sourceTree = "<group>"; };
		023A84D8249EA98800202D87 /* DistancePoint.swift */ = {isa = PBXFileReference; lastKnownFileType = sourcecode.swift; path = DistancePoint.swift; sourceTree = "<group>"; };
		023A84DA249ED17C00202D87 /* DistanceCalculator.swift */ = {isa = PBXFileReference; lastKnownFileType = sourcecode.swift; path = DistanceCalculator.swift; sourceTree = "<group>"; };
		023C33F724C8633500E43F03 /* Polink.entitlements */ = {isa = PBXFileReference; lastKnownFileType = text.plist.entitlements; path = Polink.entitlements; sourceTree = "<group>"; };
		023F989724EF6EFA00C3365E /* MainOnboardViewController.swift */ = {isa = PBXFileReference; lastKnownFileType = sourcecode.swift; path = MainOnboardViewController.swift; sourceTree = "<group>"; };
		023F98AD24F1CEA700C3365E /* PaperOnboarding.swift */ = {isa = PBXFileReference; fileEncoding = 4; lastKnownFileType = sourcecode.swift; name = PaperOnboarding.swift; path = PaperOnboarding/PaperOnboarding.swift; sourceTree = "<group>"; };
		023F98AE24F1CEA700C3365E /* PaperOnboardingDataSource.swift */ = {isa = PBXFileReference; fileEncoding = 4; lastKnownFileType = sourcecode.swift; name = PaperOnboardingDataSource.swift; path = PaperOnboarding/PaperOnboardingDataSource.swift; sourceTree = "<group>"; };
		023F98AF24F1CEA700C3365E /* PaperOnboardingDelegate.swift */ = {isa = PBXFileReference; fileEncoding = 4; lastKnownFileType = sourcecode.swift; name = PaperOnboardingDelegate.swift; path = PaperOnboarding/PaperOnboardingDelegate.swift; sourceTree = "<group>"; };
		023F98B424F1CEB600C3365E /* FillAnimationView.swift */ = {isa = PBXFileReference; fileEncoding = 4; lastKnownFileType = sourcecode.swift; path = FillAnimationView.swift; sourceTree = "<group>"; };
		023F98BB24F1CEB700C3365E /* OnboardingContentView.swift */ = {isa = PBXFileReference; fileEncoding = 4; lastKnownFileType = sourcecode.swift; path = OnboardingContentView.swift; sourceTree = "<group>"; };
		023F98BD24F1CEB700C3365E /* OnboardingContantViewItem.swift */ = {isa = PBXFileReference; fileEncoding = 4; lastKnownFileType = sourcecode.swift; path = OnboardingContantViewItem.swift; sourceTree = "<group>"; };
		023F98C024F1CEB700C3365E /* PageContainer.swift */ = {isa = PBXFileReference; fileEncoding = 4; lastKnownFileType = sourcecode.swift; path = PageContainer.swift; sourceTree = "<group>"; };
		023F98C224F1CEB700C3365E /* PageViewItem.swift */ = {isa = PBXFileReference; fileEncoding = 4; lastKnownFileType = sourcecode.swift; path = PageViewItem.swift; sourceTree = "<group>"; };
		023F98C324F1CEB700C3365E /* PageView.swift */ = {isa = PBXFileReference; fileEncoding = 4; lastKnownFileType = sourcecode.swift; path = PageView.swift; sourceTree = "<group>"; };
		023F98CD24F1EC1700C3365E /* UINavigationController + Ext.swift */ = {isa = PBXFileReference; lastKnownFileType = sourcecode.swift; path = "UINavigationController + Ext.swift"; sourceTree = "<group>"; };
		023F98CF24F1EDEF00C3365E /* ConfigurationObject.swift */ = {isa = PBXFileReference; lastKnownFileType = sourcecode.swift; path = ConfigurationObject.swift; sourceTree = "<group>"; };
		023F98D124F5945100C3365E /* InitialViewController.swift */ = {isa = PBXFileReference; fileEncoding = 4; lastKnownFileType = sourcecode.swift; path = InitialViewController.swift; sourceTree = "<group>"; };
		023F98D324F89CF900C3365E /* TableViewCell.swift */ = {isa = PBXFileReference; lastKnownFileType = sourcecode.swift; path = TableViewCell.swift; sourceTree = "<group>"; };
		02579DFB24BC6887004D1413 /* DataManager.swift */ = {isa = PBXFileReference; lastKnownFileType = sourcecode.swift; path = DataManager.swift; sourceTree = "<group>"; };
		025A7F6024CD0F1D00405FDC /* Checkbox.swift */ = {isa = PBXFileReference; lastKnownFileType = sourcecode.swift; path = Checkbox.swift; sourceTree = "<group>"; };
		025A7F6224CD3ACA00405FDC /* CheckboxFeedbackView.swift */ = {isa = PBXFileReference; lastKnownFileType = sourcecode.swift; path = CheckboxFeedbackView.swift; sourceTree = "<group>"; };
		025EE78E24C4CCCD00352E74 /* ProfileDetailViewController.swift */ = {isa = PBXFileReference; lastKnownFileType = sourcecode.swift; path = ProfileDetailViewController.swift; sourceTree = "<group>"; };
		025EE79224C4D0BB00352E74 /* GraphView.swift */ = {isa = PBXFileReference; lastKnownFileType = sourcecode.swift; path = GraphView.swift; sourceTree = "<group>"; };
		025EE79424C4E29C00352E74 /* IdeologyMapping.swift */ = {isa = PBXFileReference; lastKnownFileType = sourcecode.swift; path = IdeologyMapping.swift; sourceTree = "<group>"; };
		026001B124D561D70018428F /* PastConversationDetailVC.swift */ = {isa = PBXFileReference; lastKnownFileType = sourcecode.swift; path = PastConversationDetailVC.swift; sourceTree = "<group>"; };
		027856EB24B2BAFF00C1131A /* News.swift */ = {isa = PBXFileReference; lastKnownFileType = sourcecode.swift; path = News.swift; sourceTree = "<group>"; };
		027856F424B680FD00C1131A /* Popup.swift */ = {isa = PBXFileReference; lastKnownFileType = sourcecode.swift; path = Popup.swift; sourceTree = "<group>"; };
		027856F624B690BB00C1131A /* OnboardViewController.swift */ = {isa = PBXFileReference; lastKnownFileType = sourcecode.swift; path = OnboardViewController.swift; sourceTree = "<group>"; };
		027856F824B691D400C1131A /* ModalLayoutView.swift */ = {isa = PBXFileReference; lastKnownFileType = sourcecode.swift; path = ModalLayoutView.swift; sourceTree = "<group>"; };
		027856FA24B692A100C1131A /* ButtonLayoutView.swift */ = {isa = PBXFileReference; lastKnownFileType = sourcecode.swift; path = ButtonLayoutView.swift; sourceTree = "<group>"; };
		027856FC24B692DD00C1131A /* Button.swift */ = {isa = PBXFileReference; lastKnownFileType = sourcecode.swift; path = Button.swift; sourceTree = "<group>"; };
		027856FE24B6931500C1131A /* OldAppearance.swift */ = {isa = PBXFileReference; lastKnownFileType = sourcecode.swift; path = OldAppearance.swift; sourceTree = "<group>"; };
		0278570024B6968900C1131A /* NewsViewController.swift */ = {isa = PBXFileReference; lastKnownFileType = sourcecode.swift; path = NewsViewController.swift; sourceTree = "<group>"; };
		0278570224B696DF00C1131A /* OnboardPagingView.swift */ = {isa = PBXFileReference; lastKnownFileType = sourcecode.swift; path = OnboardPagingView.swift; sourceTree = "<group>"; };
		0278570424B6987D00C1131A /* NewsImageView.swift */ = {isa = PBXFileReference; lastKnownFileType = sourcecode.swift; path = NewsImageView.swift; sourceTree = "<group>"; };
		0278570624B7102600C1131A /* PresentationAnimationController.swift */ = {isa = PBXFileReference; lastKnownFileType = sourcecode.swift; path = PresentationAnimationController.swift; sourceTree = "<group>"; };
		0278570824B710C000C1131A /* PopupDismissalAnimationController.swift */ = {isa = PBXFileReference; lastKnownFileType = sourcecode.swift; path = PopupDismissalAnimationController.swift; sourceTree = "<group>"; };
		0278570C24B7845F00C1131A /* UIImageView+Ext.swift */ = {isa = PBXFileReference; lastKnownFileType = sourcecode.swift; path = "UIImageView+Ext.swift"; sourceTree = "<group>"; };
		028D4FBF24C3981C00976600 /* FeedbackVC.swift */ = {isa = PBXFileReference; fileEncoding = 4; lastKnownFileType = sourcecode.swift; path = FeedbackVC.swift; sourceTree = "<group>"; };
		028D4FC124C3986300976600 /* SliderView.swift */ = {isa = PBXFileReference; fileEncoding = 4; lastKnownFileType = sourcecode.swift; path = SliderView.swift; sourceTree = "<group>"; };
		028D4FC324C3987100976600 /* TextfieldView.swift */ = {isa = PBXFileReference; fileEncoding = 4; lastKnownFileType = sourcecode.swift; path = TextfieldView.swift; sourceTree = "<group>"; };
		028D4FC524C3987C00976600 /* ProfilerSliderView.swift */ = {isa = PBXFileReference; fileEncoding = 4; lastKnownFileType = sourcecode.swift; path = "\U0010ProfilerSliderView.swift"; sourceTree = "<group>"; };
		02A542CF24AA558100A03A81 /* LanguageModeration.swift */ = {isa = PBXFileReference; lastKnownFileType = sourcecode.swift; path = LanguageModeration.swift; sourceTree = "<group>"; };
		02A542D124AA55A000A03A81 /* LanguageModerationDictionary.swift */ = {isa = PBXFileReference; lastKnownFileType = sourcecode.swift; path = LanguageModerationDictionary.swift; sourceTree = "<group>"; };
		02A542D324AA55AF00A03A81 /* LanguageModerationResources.swift */ = {isa = PBXFileReference; lastKnownFileType = sourcecode.swift; path = LanguageModerationResources.swift; sourceTree = "<group>"; };
		02A542D524AA58B500A03A81 /* String+Ext.swift */ = {isa = PBXFileReference; lastKnownFileType = sourcecode.swift; path = "String+Ext.swift"; sourceTree = "<group>"; };
		02A542D724AA5B7400A03A81 /* NSString+Ext.swift */ = {isa = PBXFileReference; lastKnownFileType = sourcecode.swift; path = "NSString+Ext.swift"; sourceTree = "<group>"; };
		02A542D924AA5BBD00A03A81 /* NSMutableString+Ext.swift */ = {isa = PBXFileReference; lastKnownFileType = sourcecode.swift; path = "NSMutableString+Ext.swift"; sourceTree = "<group>"; };
		02A542DB24AA5C0600A03A81 /* NSAttributedString+Ext.swift */ = {isa = PBXFileReference; lastKnownFileType = sourcecode.swift; path = "NSAttributedString+Ext.swift"; sourceTree = "<group>"; };
		02A542DF24AB4D8B00A03A81 /* CensoredWordsList.json */ = {isa = PBXFileReference; fileEncoding = 4; lastKnownFileType = text.json; path = CensoredWordsList.json; sourceTree = "<group>"; };
		02A6A21924E95863000B9364 /* UserDefaults.swift */ = {isa = PBXFileReference; lastKnownFileType = sourcecode.swift; path = UserDefaults.swift; sourceTree = "<group>"; };
		02A6A21B24E99EE2000B9364 /* Collection+Ext.swift */ = {isa = PBXFileReference; lastKnownFileType = sourcecode.swift; path = "Collection+Ext.swift"; sourceTree = "<group>"; };
		02A6A21D24E9AE11000B9364 /* QuestionObject.swift */ = {isa = PBXFileReference; lastKnownFileType = sourcecode.swift; path = QuestionObject.swift; sourceTree = "<group>"; };
		02A6A22024E9C6ED000B9364 /* Persistable.swift */ = {isa = PBXFileReference; lastKnownFileType = sourcecode.swift; path = Persistable.swift; sourceTree = "<group>"; };
		02A6A22224E9CC04000B9364 /* Container.swift */ = {isa = PBXFileReference; lastKnownFileType = sourcecode.swift; path = Container.swift; sourceTree = "<group>"; };
		02A6A22424E9CCAE000B9364 /* WriteTransaction.swift */ = {isa = PBXFileReference; lastKnownFileType = sourcecode.swift; path = WriteTransaction.swift; sourceTree = "<group>"; };
		02A6A22824EA9E51000B9364 /* RealmUtil.swift */ = {isa = PBXFileReference; lastKnownFileType = sourcecode.swift; path = RealmUtil.swift; sourceTree = "<group>"; };
		02A6A22A24EAA98C000B9364 /* PoliticalQuizVC.swift */ = {isa = PBXFileReference; lastKnownFileType = sourcecode.swift; path = PoliticalQuizVC.swift; sourceTree = "<group>"; };
		02AC8CB624ACA66300C4D120 /* CoreDataStack.swift */ = {isa = PBXFileReference; lastKnownFileType = sourcecode.swift; path = CoreDataStack.swift; sourceTree = "<group>"; };
		02ADDAE7249629130073039B /* Sender.swift */ = {isa = PBXFileReference; lastKnownFileType = sourcecode.swift; path = Sender.swift; sourceTree = "<group>"; };
		02ADDAE924964E970073039B /* ParticipantFeedback.swift */ = {isa = PBXFileReference; lastKnownFileType = sourcecode.swift; path = ParticipantFeedback.swift; sourceTree = "<group>"; };
		02ADDAEB249765680073039B /* Snapshot+Ext.swift */ = {isa = PBXFileReference; lastKnownFileType = sourcecode.swift; path = "Snapshot+Ext.swift"; sourceTree = "<group>"; };
		02ADDAF32497CDB10073039B /* ProfilePrivate.swift */ = {isa = PBXFileReference; lastKnownFileType = sourcecode.swift; path = ProfilePrivate.swift; sourceTree = "<group>"; };
		02ADDAF52497CDD80073039B /* ProfilePublic.swift */ = {isa = PBXFileReference; lastKnownFileType = sourcecode.swift; path = ProfilePublic.swift; sourceTree = "<group>"; };
		02ADDAF92497E02F0073039B /* UIColor+Ext.swift */ = {isa = PBXFileReference; lastKnownFileType = sourcecode.swift; path = "UIColor+Ext.swift"; sourceTree = "<group>"; };
		02ADDB6C249ADBDE0073039B /* HomeVC.swift */ = {isa = PBXFileReference; lastKnownFileType = sourcecode.swift; path = HomeVC.swift; sourceTree = "<group>"; };
		02ADDB6E249AE18D0073039B /* ProfileVC.swift */ = {isa = PBXFileReference; lastKnownFileType = sourcecode.swift; path = ProfileVC.swift; sourceTree = "<group>"; };
		02ADDB94249BB75C0073039B /* NavigationController.swift */ = {isa = PBXFileReference; lastKnownFileType = sourcecode.swift; path = NavigationController.swift; sourceTree = "<group>"; };
		02ADDB96249BD3DE0073039B /* CGRect+Ext.swift */ = {isa = PBXFileReference; lastKnownFileType = sourcecode.swift; path = "CGRect+Ext.swift"; sourceTree = "<group>"; };
		0668103F5F264B3F2DD00D14 /* Pods_Polink.framework */ = {isa = PBXFileReference; explicitFileType = wrapper.framework; includeInIndex = 0; path = Pods_Polink.framework; sourceTree = BUILT_PRODUCTS_DIR; };
		47EA7193EDD4B5F8FAA43DAD /* Pods-Polink.debug.xcconfig */ = {isa = PBXFileReference; includeInIndex = 1; lastKnownFileType = text.xcconfig; name = "Pods-Polink.debug.xcconfig"; path = "Target Support Files/Pods-Polink/Pods-Polink.debug.xcconfig"; sourceTree = "<group>"; };
		79EE6A75AFBC42B481B3A336 /* Pods-Polink.release.xcconfig */ = {isa = PBXFileReference; includeInIndex = 1; lastKnownFileType = text.xcconfig; name = "Pods-Polink.release.xcconfig"; path = "Target Support Files/Pods-Polink/Pods-Polink.release.xcconfig"; sourceTree = "<group>"; };
		E11D054A25412829006D85B2 /* RegistrationViewController.swift */ = {isa = PBXFileReference; lastKnownFileType = sourcecode.swift; path = RegistrationViewController.swift; sourceTree = "<group>"; };
		E177E62A253B29ED00488EB2 /* RegistrationUserViewModel.swift */ = {isa = PBXFileReference; lastKnownFileType = sourcecode.swift; path = RegistrationUserViewModel.swift; sourceTree = "<group>"; };
		E177E62C253B2E5900488EB2 /* UserModel.swift */ = {isa = PBXFileReference; lastKnownFileType = sourcecode.swift; path = UserModel.swift; sourceTree = "<group>"; };
		E177E630253B31FB00488EB2 /* LogSignViewController.swift */ = {isa = PBXFileReference; lastKnownFileType = sourcecode.swift; path = LogSignViewController.swift; sourceTree = "<group>"; };
		E177E65F253B37B600488EB2 /* AnimatedLogo.swift */ = {isa = PBXFileReference; lastKnownFileType = sourcecode.swift; path = AnimatedLogo.swift; sourceTree = "<group>"; };
		E177E6B7253B3DB600488EB2 /* GestureControl.swift */ = {isa = PBXFileReference; lastKnownFileType = sourcecode.swift; name = GestureControl.swift; path = GestureControl/GestureControl.swift; sourceTree = "<group>"; };
		E177E6B9253B3DF300488EB2 /* Configuring.swift */ = {isa = PBXFileReference; lastKnownFileType = sourcecode.swift; name = Configuring.swift; path = Helpers/Configuring.swift; sourceTree = "<group>"; };
		E177E6BB253B3DF400488EB2 /* ConstraintsHelper.swift */ = {isa = PBXFileReference; lastKnownFileType = sourcecode.swift; name = ConstraintsHelper.swift; path = Helpers/ConstraintsHelper.swift; sourceTree = "<group>"; };
		E177E6BD253B42D800488EB2 /* TitleLabel.swift */ = {isa = PBXFileReference; lastKnownFileType = sourcecode.swift; path = TitleLabel.swift; sourceTree = "<group>"; };
		E177E6C0253B43DF00488EB2 /* Appearance.swift */ = {isa = PBXFileReference; lastKnownFileType = sourcecode.swift; path = Appearance.swift; sourceTree = "<group>"; };
		E177E6C3253B488C00488EB2 /* ChitChatAnimation.json */ = {isa = PBXFileReference; fileEncoding = 4; lastKnownFileType = text.json; path = ChitChatAnimation.json; sourceTree = "<group>"; };
		E177E6C7253B874000488EB2 /* PolinkLightAnimation.json */ = {isa = PBXFileReference; fileEncoding = 4; lastKnownFileType = text.json; path = PolinkLightAnimation.json; sourceTree = "<group>"; };
		E177E6C9253B874500488EB2 /* PolinkDarkAnimation.json */ = {isa = PBXFileReference; fileEncoding = 4; lastKnownFileType = text.json; path = PolinkDarkAnimation.json; sourceTree = "<group>"; };
		E177E6CE253CA19900488EB2 /* en */ = {isa = PBXFileReference; lastKnownFileType = text.plist.strings; name = en; path = en.lproj/Localizable.strings; sourceTree = "<group>"; };
		E177E6D0253CA1B200488EB2 /* es-419 */ = {isa = PBXFileReference; lastKnownFileType = text.plist.strings; name = "es-419"; path = "es-419.lproj/Localizable.strings"; sourceTree = "<group>"; };
		E177E6D7253CE29D00488EB2 /* LocalizedString.swift */ = {isa = PBXFileReference; lastKnownFileType = sourcecode.swift; path = LocalizedString.swift; sourceTree = "<group>"; };
		E177E6D9253DC10C00488EB2 /* Security.swift */ = {isa = PBXFileReference; lastKnownFileType = sourcecode.swift; path = Security.swift; sourceTree = "<group>"; };
		FE01AE7423E61240002F36FA /* Polink.app */ = {isa = PBXFileReference; explicitFileType = wrapper.application; includeInIndex = 0; path = Polink.app; sourceTree = BUILT_PRODUCTS_DIR; };
		FE01AE7723E61241002F36FA /* AppDelegate.swift */ = {isa = PBXFileReference; lastKnownFileType = sourcecode.swift; path = AppDelegate.swift; sourceTree = "<group>"; };
		FE01AE7923E61241002F36FA /* SceneDelegate.swift */ = {isa = PBXFileReference; lastKnownFileType = sourcecode.swift; path = SceneDelegate.swift; sourceTree = "<group>"; };
		FE01AE7B23E61241002F36FA /* InitialVC.swift */ = {isa = PBXFileReference; lastKnownFileType = sourcecode.swift; path = InitialVC.swift; sourceTree = "<group>"; };
		FE01AE8023E61242002F36FA /* Assets.xcassets */ = {isa = PBXFileReference; lastKnownFileType = folder.assetcatalog; path = Assets.xcassets; sourceTree = "<group>"; };
		FE01AE8523E61242002F36FA /* Info.plist */ = {isa = PBXFileReference; lastKnownFileType = text.plist.xml; path = Info.plist; sourceTree = "<group>"; };
		FE01AE9023E61874002F36FA /* SignUpVC.swift */ = {isa = PBXFileReference; lastKnownFileType = sourcecode.swift; path = SignUpVC.swift; sourceTree = "<group>"; };
		FE01AE9223E61897002F36FA /* SignInVC.swift */ = {isa = PBXFileReference; lastKnownFileType = sourcecode.swift; path = SignInVC.swift; sourceTree = "<group>"; };
		FE01AE9423E618D6002F36FA /* QuizVC.swift */ = {isa = PBXFileReference; lastKnownFileType = sourcecode.swift; path = QuizVC.swift; sourceTree = "<group>"; };
		FE079D9123FAC4A6002B01FD /* DynamicBlurView.framework */ = {isa = PBXFileReference; explicitFileType = wrapper.framework; path = DynamicBlurView.framework; sourceTree = BUILT_PRODUCTS_DIR; };
		FE0CE33423E884FD002E5604 /* Main.storyboard */ = {isa = PBXFileReference; fileEncoding = 4; lastKnownFileType = file.storyboard; path = Main.storyboard; sourceTree = "<group>"; };
		FE0CE33623E88D1D002E5604 /* GoogleService-Info.plist */ = {isa = PBXFileReference; fileEncoding = 4; lastKnownFileType = text.plist.xml; name = "GoogleService-Info.plist"; path = "../GoogleService-Info.plist"; sourceTree = "<group>"; };
		FE0CE33823E8927E002E5604 /* K.swift */ = {isa = PBXFileReference; lastKnownFileType = sourcecode.swift; path = K.swift; sourceTree = "<group>"; };
		FE0CE36B23E8F18A002E5604 /* CLTypingLabel.framework */ = {isa = PBXFileReference; explicitFileType = wrapper.framework; path = CLTypingLabel.framework; sourceTree = BUILT_PRODUCTS_DIR; };
		FE0CE36C23E8F18A002E5604 /* DynamicBlurView.framework */ = {isa = PBXFileReference; explicitFileType = wrapper.framework; path = DynamicBlurView.framework; sourceTree = BUILT_PRODUCTS_DIR; };
		FE0CE36D23E8F18A002E5604 /* FBLPromises.framework */ = {isa = PBXFileReference; explicitFileType = wrapper.framework; path = FBLPromises.framework; sourceTree = BUILT_PRODUCTS_DIR; };
		FE0CE36E23E8F18A002E5604 /* FirebaseAuth.framework */ = {isa = PBXFileReference; explicitFileType = wrapper.framework; path = FirebaseAuth.framework; sourceTree = BUILT_PRODUCTS_DIR; };
		FE0CE36F23E8F18A002E5604 /* FirebaseCore.framework */ = {isa = PBXFileReference; explicitFileType = wrapper.framework; path = FirebaseCore.framework; sourceTree = BUILT_PRODUCTS_DIR; };
		FE0CE37023E8F18A002E5604 /* FirebaseCoreDiagnostics.framework */ = {isa = PBXFileReference; explicitFileType = wrapper.framework; path = FirebaseCoreDiagnostics.framework; sourceTree = BUILT_PRODUCTS_DIR; };
		FE0CE37123E8F18A002E5604 /* FirebaseInstallations.framework */ = {isa = PBXFileReference; explicitFileType = wrapper.framework; path = FirebaseInstallations.framework; sourceTree = BUILT_PRODUCTS_DIR; };
		FE0CE37223E8F18A002E5604 /* FirebaseInstanceID.framework */ = {isa = PBXFileReference; explicitFileType = wrapper.framework; path = FirebaseInstanceID.framework; sourceTree = BUILT_PRODUCTS_DIR; };
		FE0CE37323E8F18A002E5604 /* GoogleDataTransport.framework */ = {isa = PBXFileReference; explicitFileType = wrapper.framework; path = GoogleDataTransport.framework; sourceTree = BUILT_PRODUCTS_DIR; };
		FE0CE37423E8F18A002E5604 /* GoogleDataTransportCCTSupport.framework */ = {isa = PBXFileReference; explicitFileType = wrapper.framework; path = GoogleDataTransportCCTSupport.framework; sourceTree = BUILT_PRODUCTS_DIR; };
		FE0CE37523E8F18A002E5604 /* GoogleUtilities.framework */ = {isa = PBXFileReference; explicitFileType = wrapper.framework; path = GoogleUtilities.framework; sourceTree = BUILT_PRODUCTS_DIR; };
		FE0CE37623E8F18A002E5604 /* GTMSessionFetcher.framework */ = {isa = PBXFileReference; explicitFileType = wrapper.framework; path = GTMSessionFetcher.framework; sourceTree = BUILT_PRODUCTS_DIR; };
		FE0CE37723E8F18A002E5604 /* InputBarAccessoryView.framework */ = {isa = PBXFileReference; explicitFileType = wrapper.framework; path = InputBarAccessoryView.framework; sourceTree = BUILT_PRODUCTS_DIR; };
		FE0CE37823E8F18A002E5604 /* MessageKit.framework */ = {isa = PBXFileReference; explicitFileType = wrapper.framework; path = MessageKit.framework; sourceTree = BUILT_PRODUCTS_DIR; };
		FE0CE37923E8F18A002E5604 /* MessageKitAssets.bundle */ = {isa = PBXFileReference; explicitFileType = wrapper.cfbundle; path = MessageKitAssets.bundle; sourceTree = BUILT_PRODUCTS_DIR; };
		FE0CE37A23E8F18A002E5604 /* nanopb.framework */ = {isa = PBXFileReference; explicitFileType = wrapper.framework; path = nanopb.framework; sourceTree = BUILT_PRODUCTS_DIR; };
		FE0CE37B23E8F18A002E5604 /* PopupDialog.framework */ = {isa = PBXFileReference; explicitFileType = wrapper.framework; path = PopupDialog.framework; sourceTree = BUILT_PRODUCTS_DIR; };
		FE0CE39F23E8F22E002E5604 /* CLTypingLabel.framework */ = {isa = PBXFileReference; explicitFileType = wrapper.framework; path = CLTypingLabel.framework; sourceTree = BUILT_PRODUCTS_DIR; };
		FE2FC6EB23FAC86B00C100E2 /* libabseil.a */ = {isa = PBXFileReference; explicitFileType = archive.ar; path = libabseil.a; sourceTree = BUILT_PRODUCTS_DIR; };
		FE2FC6ED23FAC86B00C100E2 /* libBoringSSL-GRPC.a */ = {isa = PBXFileReference; explicitFileType = archive.ar; path = "libBoringSSL-GRPC.a"; sourceTree = BUILT_PRODUCTS_DIR; };
		FE2FC6EF23FAC86B00C100E2 /* libDynamicBlurView.a */ = {isa = PBXFileReference; explicitFileType = archive.ar; path = libDynamicBlurView.a; sourceTree = BUILT_PRODUCTS_DIR; };
		FE2FC6F123FAC86B00C100E2 /* libFirebaseAuth.a */ = {isa = PBXFileReference; explicitFileType = archive.ar; path = libFirebaseAuth.a; sourceTree = BUILT_PRODUCTS_DIR; };
		FE2FC6F323FAC86B00C100E2 /* libFirebaseCore.a */ = {isa = PBXFileReference; explicitFileType = archive.ar; path = libFirebaseCore.a; sourceTree = BUILT_PRODUCTS_DIR; };
		FE2FC6F523FAC86B00C100E2 /* libFirebaseCoreDiagnostics.a */ = {isa = PBXFileReference; explicitFileType = archive.ar; path = libFirebaseCoreDiagnostics.a; sourceTree = BUILT_PRODUCTS_DIR; };
		FE2FC6F723FAC86B00C100E2 /* libFirebaseFirestore.a */ = {isa = PBXFileReference; explicitFileType = archive.ar; path = libFirebaseFirestore.a; sourceTree = BUILT_PRODUCTS_DIR; };
		FE2FC6F923FAC86B00C100E2 /* libFirebaseFirestoreSwift.a */ = {isa = PBXFileReference; explicitFileType = archive.ar; path = libFirebaseFirestoreSwift.a; sourceTree = BUILT_PRODUCTS_DIR; };
		FE2FC6FB23FAC86B00C100E2 /* libGoogleDataTransport.a */ = {isa = PBXFileReference; explicitFileType = archive.ar; path = libGoogleDataTransport.a; sourceTree = BUILT_PRODUCTS_DIR; };
		FE2FC6FD23FAC86B00C100E2 /* libGoogleDataTransportCCTSupport.a */ = {isa = PBXFileReference; explicitFileType = archive.ar; path = libGoogleDataTransportCCTSupport.a; sourceTree = BUILT_PRODUCTS_DIR; };
		FE2FC6FF23FAC86B00C100E2 /* libGoogleUtilities.a */ = {isa = PBXFileReference; explicitFileType = archive.ar; path = libGoogleUtilities.a; sourceTree = BUILT_PRODUCTS_DIR; };
		FE2FC70123FAC86B00C100E2 /* libgRPC-C++.a */ = {isa = PBXFileReference; explicitFileType = archive.ar; path = "libgRPC-C++.a"; sourceTree = BUILT_PRODUCTS_DIR; };
		FE2FC70323FAC86B00C100E2 /* libgRPC-Core.a */ = {isa = PBXFileReference; explicitFileType = archive.ar; path = "libgRPC-Core.a"; sourceTree = BUILT_PRODUCTS_DIR; };
		FE2FC70523FAC86B00C100E2 /* libGTMSessionFetcher.a */ = {isa = PBXFileReference; explicitFileType = archive.ar; path = libGTMSessionFetcher.a; sourceTree = BUILT_PRODUCTS_DIR; };
		FE2FC70723FAC86B00C100E2 /* libInputBarAccessoryView.a */ = {isa = PBXFileReference; explicitFileType = archive.ar; path = libInputBarAccessoryView.a; sourceTree = BUILT_PRODUCTS_DIR; };
		FE2FC70923FAC86B00C100E2 /* libleveldb-library.a */ = {isa = PBXFileReference; explicitFileType = archive.ar; path = "libleveldb-library.a"; sourceTree = BUILT_PRODUCTS_DIR; };
		FE2FC70B23FAC86B00C100E2 /* libMessageKit.a */ = {isa = PBXFileReference; explicitFileType = archive.ar; path = libMessageKit.a; sourceTree = BUILT_PRODUCTS_DIR; };
		FE2FC70D23FAC86B00C100E2 /* libnanopb.a */ = {isa = PBXFileReference; explicitFileType = archive.ar; path = libnanopb.a; sourceTree = BUILT_PRODUCTS_DIR; };
		FE2FC71123FAC86B00C100E2 /* libPopupDialog.a */ = {isa = PBXFileReference; explicitFileType = archive.ar; path = libPopupDialog.a; sourceTree = BUILT_PRODUCTS_DIR; };
		FE2FC71323FAC92700C100E2 /* libc++.tbd */ = {isa = PBXFileReference; lastKnownFileType = "sourcecode.text-based-dylib-definition"; name = "libc++.tbd"; path = "usr/lib/libc++.tbd"; sourceTree = SDKROOT; };
		FE2FC71523FAC98300C100E2 /* libc++abi.tbd */ = {isa = PBXFileReference; lastKnownFileType = "sourcecode.text-based-dylib-definition"; name = "libc++abi.tbd"; path = "usr/lib/libc++abi.tbd"; sourceTree = SDKROOT; };
		FE2FC71623FAC98300C100E2 /* libc++.1.tbd */ = {isa = PBXFileReference; lastKnownFileType = "sourcecode.text-based-dylib-definition"; name = "libc++.1.tbd"; path = "usr/lib/libc++.1.tbd"; sourceTree = SDKROOT; };
		FE32EB082484258E00E8C2D5 /* ChatVC.swift */ = {isa = PBXFileReference; lastKnownFileType = sourcecode.swift; path = ChatVC.swift; sourceTree = "<group>"; };
		FE3561052481A133007E23C9 /* UIPageControl+Ext.swift */ = {isa = PBXFileReference; lastKnownFileType = sourcecode.swift; path = "UIPageControl+Ext.swift"; sourceTree = "<group>"; };
		FE3561072481A9A0007E23C9 /* UIPageVC+Ext.swift */ = {isa = PBXFileReference; lastKnownFileType = sourcecode.swift; path = "UIPageVC+Ext.swift"; sourceTree = "<group>"; };
		FE35610924829909007E23C9 /* UIButton+Ext.swift */ = {isa = PBXFileReference; lastKnownFileType = sourcecode.swift; path = "UIButton+Ext.swift"; sourceTree = "<group>"; };
		FE39868E23F5CADA0052C841 /* UserDataModel.swift */ = {isa = PBXFileReference; lastKnownFileType = sourcecode.swift; path = UserDataModel.swift; sourceTree = "<group>"; };
		FE39869023F5CF2A0052C841 /* CLLocation+CodablExt.swift */ = {isa = PBXFileReference; lastKnownFileType = sourcecode.swift; path = "CLLocation+CodablExt.swift"; sourceTree = "<group>"; };
		FE4A03792484FD3500228F88 /* LobbyVC.swift */ = {isa = PBXFileReference; lastKnownFileType = sourcecode.swift; name = LobbyVC.swift; path = "Polink/Old View Controllers/LobbyVC.swift"; sourceTree = SOURCE_ROOT; };
		FE4A037B24851B6D00228F88 /* Room.swift */ = {isa = PBXFileReference; lastKnownFileType = sourcecode.swift; path = Room.swift; sourceTree = "<group>"; };
		FE4A037F24851EC700228F88 /* Message.swift */ = {isa = PBXFileReference; lastKnownFileType = sourcecode.swift; path = Message.swift; sourceTree = "<group>"; };
		FE4A03812485BBEE00228F88 /* Registration.swift */ = {isa = PBXFileReference; lastKnownFileType = sourcecode.swift; path = Registration.swift; sourceTree = "<group>"; };
		FE6886B323EAF601001F1301 /* UIViewController+Ext.swift */ = {isa = PBXFileReference; lastKnownFileType = sourcecode.swift; path = "UIViewController+Ext.swift"; sourceTree = "<group>"; };
		FE6886B523EB1865001F1301 /* QuizBrain.swift */ = {isa = PBXFileReference; lastKnownFileType = sourcecode.swift; path = QuizBrain.swift; sourceTree = "<group>"; };
		FE6886B723EB18F8001F1301 /* Question.swift */ = {isa = PBXFileReference; lastKnownFileType = sourcecode.swift; path = Question.swift; sourceTree = "<group>"; };
		FE6886B923EC69A1001F1301 /* AnswerButton.swift */ = {isa = PBXFileReference; lastKnownFileType = sourcecode.swift; path = AnswerButton.swift; sourceTree = "<group>"; };
		FE84F5C823F9810900312206 /* UserInfoVC.swift */ = {isa = PBXFileReference; lastKnownFileType = sourcecode.swift; path = UserInfoVC.swift; sourceTree = "<group>"; };
		FE84F5CA23F9813200312206 /* GenderVC.swift */ = {isa = PBXFileReference; lastKnownFileType = sourcecode.swift; path = GenderVC.swift; sourceTree = "<group>"; };
		FE84F5CC23F9814600312206 /* LocationVC.swift */ = {isa = PBXFileReference; lastKnownFileType = sourcecode.swift; path = LocationVC.swift; sourceTree = "<group>"; };
		FECE475423FB64BC00594D19 /* DynamicBlurView.framework */ = {isa = PBXFileReference; explicitFileType = wrapper.framework; path = DynamicBlurView.framework; sourceTree = BUILT_PRODUCTS_DIR; };
		FEE7083D23F2A55400E47E7B /* SpinnerVC.swift */ = {isa = PBXFileReference; lastKnownFileType = sourcecode.swift; path = SpinnerVC.swift; sourceTree = "<group>"; };
		FEF69CF123F8BFD3002C3524 /* TabBarController.swift */ = {isa = PBXFileReference; lastKnownFileType = sourcecode.swift; path = TabBarController.swift; sourceTree = "<group>"; };
		FEF69CF323F8C430002C3524 /* Registration.storyboard */ = {isa = PBXFileReference; lastKnownFileType = file.storyboard; path = Registration.storyboard; sourceTree = "<group>"; };
		FEF69CF723F8CA70002C3524 /* Quiz.storyboard */ = {isa = PBXFileReference; lastKnownFileType = file.storyboard; path = Quiz.storyboard; sourceTree = "<group>"; };
		FEF69CF923F8CC8A002C3524 /* PageNavController.swift */ = {isa = PBXFileReference; lastKnownFileType = sourcecode.swift; path = PageNavController.swift; sourceTree = "<group>"; };
		FEF69CFB23F961CE002C3524 /* RegistrationCheckVC.swift */ = {isa = PBXFileReference; lastKnownFileType = sourcecode.swift; path = RegistrationCheckVC.swift; sourceTree = "<group>"; };
/* End PBXFileReference section */

/* Begin PBXFrameworksBuildPhase section */
		FE01AE7123E61240002F36FA /* Frameworks */ = {
			isa = PBXFrameworksBuildPhase;
			buildActionMask = 2147483647;
			files = (
				259D382C6644788B81A90C56 /* Pods_Polink.framework in Frameworks */,
			);
			runOnlyForDeploymentPostprocessing = 0;
		};
/* End PBXFrameworksBuildPhase section */

/* Begin PBXGroup section */
		020C9C99248F9BCD00A6BDE6 /* Old Extensions */ = {
			isa = PBXGroup;
			children = (
				023F98AC24F1CE6E00C3365E /* Onboarding */,
				FE39869023F5CF2A0052C841 /* CLLocation+CodablExt.swift */,
				FE3561052481A133007E23C9 /* UIPageControl+Ext.swift */,
				FE3561072481A9A0007E23C9 /* UIPageVC+Ext.swift */,
				FE6886B323EAF601001F1301 /* UIViewController+Ext.swift */,
				FE35610924829909007E23C9 /* UIButton+Ext.swift */,
				020C9C9E248FDFC300A6BDE6 /* Date+Ext.swift */,
				020C9CA824903AB200A6BDE6 /* UICollectionView+Ext.swift */,
				02ADDAEB249765680073039B /* Snapshot+Ext.swift */,
				02ADDAF92497E02F0073039B /* UIColor+Ext.swift */,
				02ADDB96249BD3DE0073039B /* CGRect+Ext.swift */,
				023A84D4249D0FA500202D87 /* NSLayoutContraint+Ext.swift */,
				023A84D6249D72E300202D87 /* UIView+Ext.swift */,
				02A542D524AA58B500A03A81 /* String+Ext.swift */,
				02A542D724AA5B7400A03A81 /* NSString+Ext.swift */,
				02A542D924AA5BBD00A03A81 /* NSMutableString+Ext.swift */,
				02A542DB24AA5C0600A03A81 /* NSAttributedString+Ext.swift */,
				0278570C24B7845F00C1131A /* UIImageView+Ext.swift */,
				02A6A21924E95863000B9364 /* UserDefaults.swift */,
				02A6A21B24E99EE2000B9364 /* Collection+Ext.swift */,
				023F98CD24F1EC1700C3365E /* UINavigationController + Ext.swift */,
			);
			path = "Old Extensions";
			sourceTree = "<group>";
		};
		020C9C9A248F9C1400A6BDE6 /* Supporting Files */ = {
			isa = PBXGroup;
			children = (
				E177E6CF253CA19900488EB2 /* Localizable.strings */,
				FE01AE8023E61242002F36FA /* Assets.xcassets */,
				FE0CE33623E88D1D002E5604 /* GoogleService-Info.plist */,
				FE01AE8523E61242002F36FA /* Info.plist */,
				E177E6D7253CE29D00488EB2 /* LocalizedString.swift */,
			);
			path = "Supporting Files";
			sourceTree = "<group>";
		};
		020C9C9B248F9C3000A6BDE6 /* View Controllers */ = {
			isa = PBXGroup;
			children = (
				E177E630253B31FB00488EB2 /* LogSignViewController.swift */,
			);
			path = "View Controllers";
			sourceTree = "<group>";
		};
		023F98AC24F1CE6E00C3365E /* Onboarding */ = {
			isa = PBXGroup;
			children = (
				023F98B324F1CEB600C3365E /* FillAnimationView */,
				023F98B524F1CEB600C3365E /* GestureControl */,
				023F98B724F1CEB700C3365E /* Helpers */,
				023F98BA24F1CEB700C3365E /* OnboardingContentView */,
				023F98BE24F1CEB700C3365E /* PageView */,
				023F98AD24F1CEA700C3365E /* PaperOnboarding.swift */,
				023F98AE24F1CEA700C3365E /* PaperOnboardingDataSource.swift */,
				023F98AF24F1CEA700C3365E /* PaperOnboardingDelegate.swift */,
			);
			name = Onboarding;
			sourceTree = "<group>";
		};
		023F98B324F1CEB600C3365E /* FillAnimationView */ = {
			isa = PBXGroup;
			children = (
				023F98B424F1CEB600C3365E /* FillAnimationView.swift */,
			);
			name = FillAnimationView;
			path = PaperOnboarding/FillAnimationView;
			sourceTree = "<group>";
		};
		023F98B524F1CEB600C3365E /* GestureControl */ = {
			isa = PBXGroup;
			children = (
				E177E6B7253B3DB600488EB2 /* GestureControl.swift */,
			);
			name = GestureControl;
			path = PaperOnboarding;
			sourceTree = "<group>";
		};
		023F98B724F1CEB700C3365E /* Helpers */ = {
			isa = PBXGroup;
			children = (
				E177E6B9253B3DF300488EB2 /* Configuring.swift */,
				E177E6BB253B3DF400488EB2 /* ConstraintsHelper.swift */,
			);
			name = Helpers;
			path = PaperOnboarding;
			sourceTree = "<group>";
		};
		023F98BA24F1CEB700C3365E /* OnboardingContentView */ = {
			isa = PBXGroup;
			children = (
				023F98BB24F1CEB700C3365E /* OnboardingContentView.swift */,
				023F98BC24F1CEB700C3365E /* Item */,
			);
			name = OnboardingContentView;
			path = PaperOnboarding/OnboardingContentView;
			sourceTree = "<group>";
		};
		023F98BC24F1CEB700C3365E /* Item */ = {
			isa = PBXGroup;
			children = (
				023F98BD24F1CEB700C3365E /* OnboardingContantViewItem.swift */,
			);
			path = Item;
			sourceTree = "<group>";
		};
		023F98BE24F1CEB700C3365E /* PageView */ = {
			isa = PBXGroup;
			children = (
				023F98BF24F1CEB700C3365E /* PageContainerView */,
				023F98C124F1CEB700C3365E /* Item */,
				023F98C324F1CEB700C3365E /* PageView.swift */,
			);
			name = PageView;
			path = PaperOnboarding/PageView;
			sourceTree = "<group>";
		};
		023F98BF24F1CEB700C3365E /* PageContainerView */ = {
			isa = PBXGroup;
			children = (
				023F98C024F1CEB700C3365E /* PageContainer.swift */,
			);
			path = PageContainerView;
			sourceTree = "<group>";
		};
		023F98C124F1CEB700C3365E /* Item */ = {
			isa = PBXGroup;
			children = (
				023F98C224F1CEB700C3365E /* PageViewItem.swift */,
			);
			path = Item;
			sourceTree = "<group>";
		};
		02579DFA24BC6872004D1413 /* Old Utilities */ = {
			isa = PBXGroup;
			children = (
				02579DFB24BC6887004D1413 /* DataManager.swift */,
				027856FE24B6931500C1131A /* OldAppearance.swift */,
				02A6A22224E9CC04000B9364 /* Container.swift */,
				02A6A22424E9CCAE000B9364 /* WriteTransaction.swift */,
				02A6A22824EA9E51000B9364 /* RealmUtil.swift */,
			);
			path = "Old Utilities";
			sourceTree = "<group>";
		};
		02A6A21F24E9C6DA000B9364 /* Old Protocols */ = {
			isa = PBXGroup;
			children = (
				02A6A22024E9C6ED000B9364 /* Persistable.swift */,
			);
			path = "Old Protocols";
			sourceTree = "<group>";
		};
		02ADDAE624951D390073039B /* Custom Cell Implementation */ = {
			isa = PBXGroup;
			children = (
				020C9CA22490229B00A6BDE6 /* CustomNewsCell.swift */,
				020C9CA42490234200A6BDE6 /* CustomCellSizeCalculator.swift */,
				020C9CA6249023D000A6BDE6 /* CustomMessagesFlowLayout.swift */,
			);
			path = "Custom Cell Implementation";
			sourceTree = "<group>";
		};
		BF65BC598179D805D07BD414 /* Frameworks */ = {
			isa = PBXGroup;
			children = (
				FECE475423FB64BC00594D19 /* DynamicBlurView.framework */,
				FE2FC71623FAC98300C100E2 /* libc++.1.tbd */,
				FE2FC71523FAC98300C100E2 /* libc++abi.tbd */,
				FE2FC71323FAC92700C100E2 /* libc++.tbd */,
				FE2FC6EB23FAC86B00C100E2 /* libabseil.a */,
				FE2FC6ED23FAC86B00C100E2 /* libBoringSSL-GRPC.a */,
				FE2FC6EF23FAC86B00C100E2 /* libDynamicBlurView.a */,
				FE2FC6F123FAC86B00C100E2 /* libFirebaseAuth.a */,
				FE2FC6F323FAC86B00C100E2 /* libFirebaseCore.a */,
				FE2FC6F523FAC86B00C100E2 /* libFirebaseCoreDiagnostics.a */,
				FE2FC6F723FAC86B00C100E2 /* libFirebaseFirestore.a */,
				FE2FC6F923FAC86B00C100E2 /* libFirebaseFirestoreSwift.a */,
				FE2FC6FB23FAC86B00C100E2 /* libGoogleDataTransport.a */,
				FE2FC6FD23FAC86B00C100E2 /* libGoogleDataTransportCCTSupport.a */,
				FE2FC6FF23FAC86B00C100E2 /* libGoogleUtilities.a */,
				FE2FC70123FAC86B00C100E2 /* libgRPC-C++.a */,
				FE2FC70323FAC86B00C100E2 /* libgRPC-Core.a */,
				FE2FC70523FAC86B00C100E2 /* libGTMSessionFetcher.a */,
				FE2FC70723FAC86B00C100E2 /* libInputBarAccessoryView.a */,
				FE2FC70923FAC86B00C100E2 /* libleveldb-library.a */,
				FE2FC70B23FAC86B00C100E2 /* libMessageKit.a */,
				FE2FC70D23FAC86B00C100E2 /* libnanopb.a */,
				FE2FC71123FAC86B00C100E2 /* libPopupDialog.a */,
				FE079D9123FAC4A6002B01FD /* DynamicBlurView.framework */,
				FE0CE39F23E8F22E002E5604 /* CLTypingLabel.framework */,
				FE0CE36B23E8F18A002E5604 /* CLTypingLabel.framework */,
				FE0CE36C23E8F18A002E5604 /* DynamicBlurView.framework */,
				FE0CE36D23E8F18A002E5604 /* FBLPromises.framework */,
				FE0CE36E23E8F18A002E5604 /* FirebaseAuth.framework */,
				FE0CE36F23E8F18A002E5604 /* FirebaseCore.framework */,
				FE0CE37023E8F18A002E5604 /* FirebaseCoreDiagnostics.framework */,
				FE0CE37123E8F18A002E5604 /* FirebaseInstallations.framework */,
				FE0CE37223E8F18A002E5604 /* FirebaseInstanceID.framework */,
				FE0CE37323E8F18A002E5604 /* GoogleDataTransport.framework */,
				FE0CE37423E8F18A002E5604 /* GoogleDataTransportCCTSupport.framework */,
				FE0CE37523E8F18A002E5604 /* GoogleUtilities.framework */,
				FE0CE37623E8F18A002E5604 /* GTMSessionFetcher.framework */,
				FE0CE37723E8F18A002E5604 /* InputBarAccessoryView.framework */,
				FE0CE37823E8F18A002E5604 /* MessageKit.framework */,
				FE0CE37923E8F18A002E5604 /* MessageKitAssets.bundle */,
				FE0CE37A23E8F18A002E5604 /* nanopb.framework */,
				FE0CE37B23E8F18A002E5604 /* PopupDialog.framework */,
				0668103F5F264B3F2DD00D14 /* Pods_Polink.framework */,
			);
			name = Frameworks;
			sourceTree = "<group>";
		};
		E177E629253B29B800488EB2 /* View Models */ = {
			isa = PBXGroup;
			children = (
				E177E62A253B29ED00488EB2 /* RegistrationUserViewModel.swift */,
			);
			path = "View Models";
			sourceTree = "<group>";
		};
		E177E62E253B314600488EB2 /* Old View Controllers */ = {
			isa = PBXGroup;
			children = (
				027856F424B680FD00C1131A /* Popup.swift */,
				027856F624B690BB00C1131A /* OnboardViewController.swift */,
				027856F824B691D400C1131A /* ModalLayoutView.swift */,
				027856FA24B692A100C1131A /* ButtonLayoutView.swift */,
				0278570024B6968900C1131A /* NewsViewController.swift */,
				0278570224B696DF00C1131A /* OnboardPagingView.swift */,
				0278570424B6987D00C1131A /* NewsImageView.swift */,
				025A7F6024CD0F1D00405FDC /* Checkbox.swift */,
				02262BB724C9350100BBDF0D /* MainStatistics.swift */,
				025EE79224C4D0BB00352E74 /* GraphView.swift */,
				028D4FC124C3986300976600 /* SliderView.swift */,
				025A7F6224CD3ACA00405FDC /* CheckboxFeedbackView.swift */,
				028D4FC524C3987C00976600 /* ProfilerSliderView.swift */,
				028D4FC324C3987100976600 /* TextfieldView.swift */,
				FE6886B923EC69A1001F1301 /* AnswerButton.swift */,
				FE84F5C823F9810900312206 /* UserInfoVC.swift */,
				FE84F5CA23F9813200312206 /* GenderVC.swift */,
				FE84F5CC23F9814600312206 /* LocationVC.swift */,
				FEF69CFB23F961CE002C3524 /* RegistrationCheckVC.swift */,
				FE01AE9423E618D6002F36FA /* QuizVC.swift */,
				FE4A03792484FD3500228F88 /* LobbyVC.swift */,
				FE32EB082484258E00E8C2D5 /* ChatVC.swift */,
				02ADDB6C249ADBDE0073039B /* HomeVC.swift */,
				02ADDB6E249AE18D0073039B /* ProfileVC.swift */,
				025EE78E24C4CCCD00352E74 /* ProfileDetailViewController.swift */,
				026001B124D561D70018428F /* PastConversationDetailVC.swift */,
				02A6A22A24EAA98C000B9364 /* PoliticalQuizVC.swift */,
				023F989724EF6EFA00C3365E /* MainOnboardViewController.swift */,
				FE01AE9223E61897002F36FA /* SignInVC.swift */,
				FE01AE9023E61874002F36FA /* SignUpVC.swift */,
				FE01AE7B23E61241002F36FA /* InitialVC.swift */,
				FEE7083D23F2A55400E47E7B /* SpinnerVC.swift */,
				023F98D124F5945100C3365E /* InitialViewController.swift */,
				028D4FBF24C3981C00976600 /* FeedbackVC.swift */,
			);
			name = "Old View Controllers";
			path = "Polink/Old View Controllers";
			sourceTree = SOURCE_ROOT;
		};
		E177E65D253B377200488EB2 /* Models */ = {
			isa = PBXGroup;
			children = (
				E11D054A25412829006D85B2 /* RegistrationViewController.swift */,
			);
			path = Models;
			sourceTree = "<group>";
		};
		E177E65E253B377F00488EB2 /* Views */ = {
			isa = PBXGroup;
			children = (
				E177E65F253B37B600488EB2 /* AnimatedLogo.swift */,
				E177E6BD253B42D800488EB2 /* TitleLabel.swift */,
				027856FC24B692DD00C1131A /* Button.swift */,
			);
			path = Views;
			sourceTree = "<group>";
		};
		E177E6BF253B438400488EB2 /* Utilities */ = {
			isa = PBXGroup;
			children = (
				FE0CE33823E8927E002E5604 /* K.swift */,
				E177E6C0253B43DF00488EB2 /* Appearance.swift */,
				E177E6D9253DC10C00488EB2 /* Security.swift */,
			);
			path = Utilities;
			sourceTree = "<group>";
		};
		E177E6C2253B487800488EB2 /* Animations */ = {
			isa = PBXGroup;
			children = (
				E177E6C9253B874500488EB2 /* PolinkDarkAnimation.json */,
				E177E6C7253B874000488EB2 /* PolinkLightAnimation.json */,
				E177E6C3253B488C00488EB2 /* ChitChatAnimation.json */,
			);
			path = Animations;
			sourceTree = "<group>";
		};
		F49FFF6D3A1AB3D6A8D3335D /* Pods */ = {
			isa = PBXGroup;
			children = (
				47EA7193EDD4B5F8FAA43DAD /* Pods-Polink.debug.xcconfig */,
				79EE6A75AFBC42B481B3A336 /* Pods-Polink.release.xcconfig */,
			);
			path = Pods;
			sourceTree = "<group>";
		};
		FE01AE6B23E61240002F36FA = {
			isa = PBXGroup;
			children = (
				020C9C9C248FC36300A6BDE6 /* Default-568h@2x.png */,
				FE01AE7623E61240002F36FA /* Polink */,
				FE01AE7523E61240002F36FA /* Products */,
				F49FFF6D3A1AB3D6A8D3335D /* Pods */,
				BF65BC598179D805D07BD414 /* Frameworks */,
			);
			sourceTree = "<group>";
		};
		FE01AE7523E61240002F36FA /* Products */ = {
			isa = PBXGroup;
			children = (
				FE01AE7423E61240002F36FA /* Polink.app */,
			);
			name = Products;
			sourceTree = "<group>";
		};
		FE01AE7623E61240002F36FA /* Polink */ = {
			isa = PBXGroup;
			children = (
				E177E6C2253B487800488EB2 /* Animations */,
				E177E6BF253B438400488EB2 /* Utilities */,
				E177E65E253B377F00488EB2 /* Views */,
				E177E65D253B377200488EB2 /* Models */,
				E177E629253B29B800488EB2 /* View Models */,
				020C9C9B248F9C3000A6BDE6 /* View Controllers */,
				E177E62E253B314600488EB2 /* Old View Controllers */,
				02A6A21F24E9C6DA000B9364 /* Old Protocols */,
				023C33F724C8633500E43F03 /* Polink.entitlements */,
				020C9C99248F9BCD00A6BDE6 /* Old Extensions */,
				02579DFA24BC6872004D1413 /* Old Utilities */,
				FE01AE8D23E6127A002F36FA /* Old Controllers */,
				FE01AE8B23E61254002F36FA /* Old Models */,
				FE01AE8C23E6125E002F36FA /* Old Views */,
				020C9C9A248F9C1400A6BDE6 /* Supporting Files */,
			);
			path = Polink;
			sourceTree = "<group>";
		};
		FE01AE8B23E61254002F36FA /* Old Models */ = {
			isa = PBXGroup;
			children = (
				02ADDAE624951D390073039B /* Custom Cell Implementation */,
				02A542DF24AB4D8B00A03A81 /* CensoredWordsList.json */,
				FE6886B523EB1865001F1301 /* QuizBrain.swift */,
				FE6886B723EB18F8001F1301 /* Question.swift */,
				FE39868E23F5CADA0052C841 /* UserDataModel.swift */,
				02ADDAF32497CDB10073039B /* ProfilePrivate.swift */,
				02ADDAF52497CDD80073039B /* ProfilePublic.swift */,
				FE4A037B24851B6D00228F88 /* Room.swift */,
				02ADDAE924964E970073039B /* ParticipantFeedback.swift */,
				02ADDAE7249629130073039B /* Sender.swift */,
				FE4A037F24851EC700228F88 /* Message.swift */,
				FE4A03812485BBEE00228F88 /* Registration.swift */,
				023A84DA249ED17C00202D87 /* DistanceCalculator.swift */,
				023A84D8249EA98800202D87 /* DistancePoint.swift */,
				02A542CF24AA558100A03A81 /* LanguageModeration.swift */,
				02A542D124AA55A000A03A81 /* LanguageModerationDictionary.swift */,
				02A542D324AA55AF00A03A81 /* LanguageModerationResources.swift */,
				027856EB24B2BAFF00C1131A /* News.swift */,
				025EE79424C4E29C00352E74 /* IdeologyMapping.swift */,
				02A6A21D24E9AE11000B9364 /* QuestionObject.swift */,
				023F98CF24F1EDEF00C3365E /* ConfigurationObject.swift */,
				023F98D324F89CF900C3365E /* TableViewCell.swift */,
				E177E62C253B2E5900488EB2 /* UserModel.swift */,
			);
			path = "Old Models";
			sourceTree = "<group>";
		};
		FE01AE8C23E6125E002F36FA /* Old Views */ = {
			isa = PBXGroup;
			children = (
				FE0CE33423E884FD002E5604 /* Main.storyboard */,
				FEF69CF323F8C430002C3524 /* Registration.storyboard */,
				FEF69CF723F8CA70002C3524 /* Quiz.storyboard */,
			);
			path = "Old Views";
			sourceTree = "<group>";
		};
		FE01AE8D23E6127A002F36FA /* Old Controllers */ = {
			isa = PBXGroup;
			children = (
				FE01AE7923E61241002F36FA /* SceneDelegate.swift */,
				FE01AE7723E61241002F36FA /* AppDelegate.swift */,
				FEF69CF123F8BFD3002C3524 /* TabBarController.swift */,
				FEF69CF923F8CC8A002C3524 /* PageNavController.swift */,
				02ADDB94249BB75C0073039B /* NavigationController.swift */,
				02AC8CB624ACA66300C4D120 /* CoreDataStack.swift */,
				0278570624B7102600C1131A /* PresentationAnimationController.swift */,
				0278570824B710C000C1131A /* PopupDismissalAnimationController.swift */,
			);
			path = "Old Controllers";
			sourceTree = "<group>";
		};
/* End PBXGroup section */

/* Begin PBXNativeTarget section */
		FE01AE7323E61240002F36FA /* Polink */ = {
			isa = PBXNativeTarget;
			buildConfigurationList = FE01AE8823E61242002F36FA /* Build configuration list for PBXNativeTarget "Polink" */;
			buildPhases = (
				74BBB65D90EAC1814E1C4EA4 /* [CP] Check Pods Manifest.lock */,
				FE01AE7023E61240002F36FA /* Sources */,
				FE01AE7123E61240002F36FA /* Frameworks */,
				FE01AE7223E61240002F36FA /* Resources */,
				FECE475323FB611800594D19 /* Embed Frameworks */,
				761AAB975EBBFF16C9AFAC01 /* [CP] Embed Pods Frameworks */,
			);
			buildRules = (
			);
			dependencies = (
			);
			name = Polink;
			productName = polink.dev;
			productReference = FE01AE7423E61240002F36FA /* Polink.app */;
			productType = "com.apple.product-type.application";
		};
/* End PBXNativeTarget section */

/* Begin PBXProject section */
		FE01AE6C23E61240002F36FA /* Project object */ = {
			isa = PBXProject;
			attributes = {
				LastSwiftUpdateCheck = 1130;
				LastUpgradeCheck = 1130;
				ORGANIZATIONNAME = "Jose Saldana";
				TargetAttributes = {
					FE01AE7323E61240002F36FA = {
						CreatedOnToolsVersion = 11.3.1;
					};
				};
			};
			buildConfigurationList = FE01AE6F23E61240002F36FA /* Build configuration list for PBXProject "Polink" */;
			compatibilityVersion = "Xcode 9.3";
			developmentRegion = en;
			hasScannedForEncodings = 0;
			knownRegions = (
				en,
				Base,
				"es-419",
			);
			mainGroup = FE01AE6B23E61240002F36FA;
			productRefGroup = FE01AE7523E61240002F36FA /* Products */;
			projectDirPath = "";
			projectRoot = "";
			targets = (
				FE01AE7323E61240002F36FA /* Polink */,
			);
		};
/* End PBXProject section */

/* Begin PBXResourcesBuildPhase section */
		FE01AE7223E61240002F36FA /* Resources */ = {
			isa = PBXResourcesBuildPhase;
			buildActionMask = 2147483647;
			files = (
				020C9C9D248FC36300A6BDE6 /* Default-568h@2x.png in Resources */,
				02A542E024AB4D8B00A03A81 /* CensoredWordsList.json in Resources */,
				E177E6CD253CA19900488EB2 /* Localizable.strings in Resources */,
				E177E6CA253B874500488EB2 /* PolinkDarkAnimation.json in Resources */,
				FEF69CF423F8C430002C3524 /* Registration.storyboard in Resources */,
				FEF69CF823F8CA70002C3524 /* Quiz.storyboard in Resources */,
				FE01AE8123E61242002F36FA /* Assets.xcassets in Resources */,
				FE0CE33723E88D1D002E5604 /* GoogleService-Info.plist in Resources */,
				E177E6C4253B488C00488EB2 /* ChitChatAnimation.json in Resources */,
				E177E6C8253B874000488EB2 /* PolinkLightAnimation.json in Resources */,
				FE0CE33523E884FD002E5604 /* Main.storyboard in Resources */,
			);
			runOnlyForDeploymentPostprocessing = 0;
		};
/* End PBXResourcesBuildPhase section */

/* Begin PBXShellScriptBuildPhase section */
		74BBB65D90EAC1814E1C4EA4 /* [CP] Check Pods Manifest.lock */ = {
			isa = PBXShellScriptBuildPhase;
			buildActionMask = 2147483647;
			files = (
			);
			inputFileListPaths = (
			);
			inputPaths = (
				"${PODS_PODFILE_DIR_PATH}/Podfile.lock",
				"${PODS_ROOT}/Manifest.lock",
			);
			name = "[CP] Check Pods Manifest.lock";
			outputFileListPaths = (
			);
			outputPaths = (
				"$(DERIVED_FILE_DIR)/Pods-Polink-checkManifestLockResult.txt",
			);
			runOnlyForDeploymentPostprocessing = 0;
			shellPath = /bin/sh;
			shellScript = "diff \"${PODS_PODFILE_DIR_PATH}/Podfile.lock\" \"${PODS_ROOT}/Manifest.lock\" > /dev/null\nif [ $? != 0 ] ; then\n    # print error to STDERR\n    echo \"error: The sandbox is not in sync with the Podfile.lock. Run 'pod install' or update your CocoaPods installation.\" >&2\n    exit 1\nfi\n# This output is used by Xcode 'outputs' to avoid re-running this script phase.\necho \"SUCCESS\" > \"${SCRIPT_OUTPUT_FILE_0}\"\n";
			showEnvVarsInLog = 0;
		};
		761AAB975EBBFF16C9AFAC01 /* [CP] Embed Pods Frameworks */ = {
			isa = PBXShellScriptBuildPhase;
			buildActionMask = 2147483647;
			files = (
			);
			inputFileListPaths = (
				"${PODS_ROOT}/Target Support Files/Pods-Polink/Pods-Polink-frameworks-${CONFIGURATION}-input-files.xcfilelist",
			);
			name = "[CP] Embed Pods Frameworks";
			outputFileListPaths = (
				"${PODS_ROOT}/Target Support Files/Pods-Polink/Pods-Polink-frameworks-${CONFIGURATION}-output-files.xcfilelist",
			);
			runOnlyForDeploymentPostprocessing = 0;
			shellPath = /bin/sh;
			shellScript = "\"${PODS_ROOT}/Target Support Files/Pods-Polink/Pods-Polink-frameworks.sh\"\n";
			showEnvVarsInLog = 0;
		};
/* End PBXShellScriptBuildPhase section */

/* Begin PBXSourcesBuildPhase section */
		FE01AE7023E61240002F36FA /* Sources */ = {
			isa = PBXSourcesBuildPhase;
			buildActionMask = 2147483647;
			files = (
				02ADDAEA24964E970073039B /* ParticipantFeedback.swift in Sources */,
				0278570524B6987D00C1131A /* NewsImageView.swift in Sources */,
				02ADDB97249BD3DE0073039B /* CGRect+Ext.swift in Sources */,
				020C9CA924903AB200A6BDE6 /* UICollectionView+Ext.swift in Sources */,
				025A7F6324CD3ACA00405FDC /* CheckboxFeedbackView.swift in Sources */,
				FE0CE33923E8927E002E5604 /* K.swift in Sources */,
				020C9CA52490234200A6BDE6 /* CustomCellSizeCalculator.swift in Sources */,
				025EE79524C4E29C00352E74 /* IdeologyMapping.swift in Sources */,
				02ADDAE8249629130073039B /* Sender.swift in Sources */,
				023A84D5249D0FA500202D87 /* NSLayoutContraint+Ext.swift in Sources */,
				02ADDB6D249ADBDE0073039B /* HomeVC.swift in Sources */,
				023F98C824F1CEB800C3365E /* OnboardingContentView.swift in Sources */,
				025EE78F24C4CCCD00352E74 /* ProfileDetailViewController.swift in Sources */,
				E177E6BA253B3DF300488EB2 /* Configuring.swift in Sources */,
				02A542D424AA55AF00A03A81 /* LanguageModerationResources.swift in Sources */,
				FE3561082481A9A0007E23C9 /* UIPageVC+Ext.swift in Sources */,
				FE4A037C24851B6D00228F88 /* Room.swift in Sources */,
				FEF69CFA23F8CC8A002C3524 /* PageNavController.swift in Sources */,
				FE01AE7C23E61241002F36FA /* InitialVC.swift in Sources */,
				FEF69CF223F8BFD3002C3524 /* TabBarController.swift in Sources */,
				020C9CA32490229B00A6BDE6 /* CustomNewsCell.swift in Sources */,
				028D4FC624C3987C00976600 /* ProfilerSliderView.swift in Sources */,
				0278570124B6968900C1131A /* NewsViewController.swift in Sources */,
				02A542DC24AA5C0600A03A81 /* NSAttributedString+Ext.swift in Sources */,
				02ADDAFA2497E02F0073039B /* UIColor+Ext.swift in Sources */,
				023F98CB24F1CEB800C3365E /* PageViewItem.swift in Sources */,
				023F98B024F1CEA700C3365E /* PaperOnboarding.swift in Sources */,
				02A6A21A24E95863000B9364 /* UserDefaults.swift in Sources */,
				02A6A21E24E9AE11000B9364 /* QuestionObject.swift in Sources */,
				E177E631253B31FB00488EB2 /* LogSignViewController.swift in Sources */,
				0278570724B7102600C1131A /* PresentationAnimationController.swift in Sources */,
				FE39869123F5CF2A0052C841 /* CLLocation+CodablExt.swift in Sources */,
				02A542D224AA55A000A03A81 /* LanguageModerationDictionary.swift in Sources */,
				02A6A22524E9CCAE000B9364 /* WriteTransaction.swift in Sources */,
				023A84D9249EA98800202D87 /* DistancePoint.swift in Sources */,
				02ADDAEC249765680073039B /* Snapshot+Ext.swift in Sources */,
				02A6A22124E9C6ED000B9364 /* Persistable.swift in Sources */,
				02579DFC24BC6887004D1413 /* DataManager.swift in Sources */,
				FE4A03822485BBEE00228F88 /* Registration.swift in Sources */,
				E177E62D253B2E5900488EB2 /* UserModel.swift in Sources */,
				FE6886B623EB1865001F1301 /* QuizBrain.swift in Sources */,
				02262BB824C9350100BBDF0D /* MainStatistics.swift in Sources */,
				023A84DB249ED17C00202D87 /* DistanceCalculator.swift in Sources */,
				027856EC24B2BAFF00C1131A /* News.swift in Sources */,
				023F98B124F1CEA700C3365E /* PaperOnboardingDataSource.swift in Sources */,
				023F98CA24F1CEB800C3365E /* PageContainer.swift in Sources */,
				023F98CE24F1EC1700C3365E /* UINavigationController + Ext.swift in Sources */,
				FE35610A24829909007E23C9 /* UIButton+Ext.swift in Sources */,
				E177E6BC253B3DF500488EB2 /* ConstraintsHelper.swift in Sources */,
				FE6886BA23EC69A1001F1301 /* AnswerButton.swift in Sources */,
				023F98B224F1CEA700C3365E /* PaperOnboardingDelegate.swift in Sources */,
				0278570924B710C000C1131A /* PopupDismissalAnimationController.swift in Sources */,
				02AC8CB724ACA66300C4D120 /* CoreDataStack.swift in Sources */,
				FE3561062481A133007E23C9 /* UIPageControl+Ext.swift in Sources */,
				027856FF24B6931500C1131A /* OldAppearance.swift in Sources */,
				026001B224D561D70018428F /* PastConversationDetailVC.swift in Sources */,
				020C9C9F248FDFC300A6BDE6 /* Date+Ext.swift in Sources */,
				02ADDB95249BB75C0073039B /* NavigationController.swift in Sources */,
				FE01AE7823E61241002F36FA /* AppDelegate.swift in Sources */,
				E177E62B253B29ED00488EB2 /* RegistrationUserViewModel.swift in Sources */,
				027856FB24B692A100C1131A /* ButtonLayoutView.swift in Sources */,
				027856FD24B692DD00C1131A /* Button.swift in Sources */,
				FE6886B423EAF601001F1301 /* UIViewController+Ext.swift in Sources */,
				FE01AE7A23E61241002F36FA /* SceneDelegate.swift in Sources */,
				E177E6DA253DC10C00488EB2 /* Security.swift in Sources */,
				028D4FC024C3981C00976600 /* FeedbackVC.swift in Sources */,
				027856F924B691D400C1131A /* ModalLayoutView.swift in Sources */,
				FE4A037A2484FD3500228F88 /* LobbyVC.swift in Sources */,
				02A542DA24AA5BBD00A03A81 /* NSMutableString+Ext.swift in Sources */,
				FE01AE9323E61897002F36FA /* SignInVC.swift in Sources */,
				0278570D24B7846000C1131A /* UIImageView+Ext.swift in Sources */,
				02A6A21C24E99EE2000B9364 /* Collection+Ext.swift in Sources */,
				02A6A22B24EAA98D000B9364 /* PoliticalQuizVC.swift in Sources */,
				02A6A22924EA9E51000B9364 /* RealmUtil.swift in Sources */,
				02A542D824AA5B7400A03A81 /* NSString+Ext.swift in Sources */,
				FE84F5CB23F9813200312206 /* GenderVC.swift in Sources */,
				027856F724B690BB00C1131A /* OnboardViewController.swift in Sources */,
				02A542D624AA58B500A03A81 /* String+Ext.swift in Sources */,
				E11D054B25412829006D85B2 /* RegistrationViewController.swift in Sources */,
				027856F524B680FD00C1131A /* Popup.swift in Sources */,
				023F98D424F89CF900C3365E /* TableViewCell.swift in Sources */,
				023A84D7249D72E300202D87 /* UIView+Ext.swift in Sources */,
				028D4FC224C3986300976600 /* SliderView.swift in Sources */,
				023F98CC24F1CEB800C3365E /* PageView.swift in Sources */,
				FEF69CFC23F961CE002C3524 /* RegistrationCheckVC.swift in Sources */,
				023F98D224F5945100C3365E /* InitialViewController.swift in Sources */,
				E177E660253B37B600488EB2 /* AnimatedLogo.swift in Sources */,
				FE01AE9123E61874002F36FA /* SignUpVC.swift in Sources */,
				02A6A22324E9CC04000B9364 /* Container.swift in Sources */,
				02ADDAF42497CDB10073039B /* ProfilePrivate.swift in Sources */,
				FE6886B823EB18F8001F1301 /* Question.swift in Sources */,
				023F989824EF6EFA00C3365E /* MainOnboardViewController.swift in Sources */,
				025A7F6124CD0F1D00405FDC /* Checkbox.swift in Sources */,
				020C9CA7249023D000A6BDE6 /* CustomMessagesFlowLayout.swift in Sources */,
				02A542D024AA558100A03A81 /* LanguageModeration.swift in Sources */,
				023F98D024F1EDEF00C3365E /* ConfigurationObject.swift in Sources */,
				E177E6D8253CE29D00488EB2 /* LocalizedString.swift in Sources */,
				FE39868F23F5CADA0052C841 /* UserDataModel.swift in Sources */,
				0278570324B696DF00C1131A /* OnboardPagingView.swift in Sources */,
				FEE7083E23F2A55400E47E7B /* SpinnerVC.swift in Sources */,
				FE32EB092484258E00E8C2D5 /* ChatVC.swift in Sources */,
				FE01AE9523E618D6002F36FA /* QuizVC.swift in Sources */,
				025EE79324C4D0BB00352E74 /* GraphView.swift in Sources */,
				02ADDAF62497CDD80073039B /* ProfilePublic.swift in Sources */,
				FE4A038024851EC700228F88 /* Message.swift in Sources */,
				023F98C924F1CEB800C3365E /* OnboardingContantViewItem.swift in Sources */,
				E177E6C1253B43DF00488EB2 /* Appearance.swift in Sources */,
				E177E6BE253B42D800488EB2 /* TitleLabel.swift in Sources */,
				023F98C424F1CEB800C3365E /* FillAnimationView.swift in Sources */,
				028D4FC424C3987100976600 /* TextfieldView.swift in Sources */,
				02ADDB6F249AE18D0073039B /* ProfileVC.swift in Sources */,
				E177E6B8253B3DB600488EB2 /* GestureControl.swift in Sources */,
				FE84F5C923F9810900312206 /* UserInfoVC.swift in Sources */,
				FE84F5CD23F9814600312206 /* LocationVC.swift in Sources */,
			);
			runOnlyForDeploymentPostprocessing = 0;
		};
/* End PBXSourcesBuildPhase section */

/* Begin PBXVariantGroup section */
		E177E6CF253CA19900488EB2 /* Localizable.strings */ = {
			isa = PBXVariantGroup;
			children = (
				E177E6CE253CA19900488EB2 /* en */,
				E177E6D0253CA1B200488EB2 /* es-419 */,
			);
			name = Localizable.strings;
			sourceTree = "<group>";
		};
/* End PBXVariantGroup section */

/* Begin XCBuildConfiguration section */
		FE01AE8623E61242002F36FA /* Debug */ = {
			isa = XCBuildConfiguration;
			buildSettings = {
				ALWAYS_SEARCH_USER_PATHS = NO;
				CLANG_ANALYZER_NONNULL = YES;
				CLANG_ANALYZER_NUMBER_OBJECT_CONVERSION = YES_AGGRESSIVE;
				CLANG_CXX_LANGUAGE_STANDARD = "gnu++14";
				CLANG_CXX_LIBRARY = "libc++";
				CLANG_ENABLE_MODULES = YES;
				CLANG_ENABLE_OBJC_ARC = YES;
				CLANG_ENABLE_OBJC_WEAK = YES;
				CLANG_WARN_BLOCK_CAPTURE_AUTORELEASING = YES;
				CLANG_WARN_BOOL_CONVERSION = YES;
				CLANG_WARN_COMMA = YES;
				CLANG_WARN_CONSTANT_CONVERSION = YES;
				CLANG_WARN_DEPRECATED_OBJC_IMPLEMENTATIONS = YES;
				CLANG_WARN_DIRECT_OBJC_ISA_USAGE = YES_ERROR;
				CLANG_WARN_DOCUMENTATION_COMMENTS = YES;
				CLANG_WARN_EMPTY_BODY = YES;
				CLANG_WARN_ENUM_CONVERSION = YES;
				CLANG_WARN_INFINITE_RECURSION = YES;
				CLANG_WARN_INT_CONVERSION = YES;
				CLANG_WARN_NON_LITERAL_NULL_CONVERSION = YES;
				CLANG_WARN_OBJC_IMPLICIT_RETAIN_SELF = YES;
				CLANG_WARN_OBJC_LITERAL_CONVERSION = YES;
				CLANG_WARN_OBJC_ROOT_CLASS = YES_ERROR;
				CLANG_WARN_RANGE_LOOP_ANALYSIS = YES;
				CLANG_WARN_STRICT_PROTOTYPES = YES;
				CLANG_WARN_SUSPICIOUS_MOVE = YES;
				CLANG_WARN_UNGUARDED_AVAILABILITY = YES_AGGRESSIVE;
				CLANG_WARN_UNREACHABLE_CODE = YES;
				CLANG_WARN__DUPLICATE_METHOD_MATCH = YES;
				COPY_PHASE_STRIP = NO;
				DEBUG_INFORMATION_FORMAT = dwarf;
				ENABLE_STRICT_OBJC_MSGSEND = YES;
				ENABLE_TESTABILITY = YES;
				GCC_C_LANGUAGE_STANDARD = gnu11;
				GCC_DYNAMIC_NO_PIC = NO;
				GCC_NO_COMMON_BLOCKS = YES;
				GCC_OPTIMIZATION_LEVEL = 0;
				GCC_PREPROCESSOR_DEFINITIONS = (
					"DEBUG=1",
					"$(inherited)",
				);
				GCC_WARN_64_TO_32_BIT_CONVERSION = YES;
				GCC_WARN_ABOUT_RETURN_TYPE = YES_ERROR;
				GCC_WARN_UNDECLARED_SELECTOR = YES;
				GCC_WARN_UNINITIALIZED_AUTOS = YES_AGGRESSIVE;
				GCC_WARN_UNUSED_FUNCTION = YES;
				GCC_WARN_UNUSED_VARIABLE = YES;
				IPHONEOS_DEPLOYMENT_TARGET = 13.2;
				MTL_ENABLE_DEBUG_INFO = INCLUDE_SOURCE;
				MTL_FAST_MATH = YES;
				ONLY_ACTIVE_ARCH = YES;
				SDKROOT = iphoneos;
				SWIFT_ACTIVE_COMPILATION_CONDITIONS = DEBUG;
				SWIFT_OPTIMIZATION_LEVEL = "-Onone";
			};
			name = Debug;
		};
		FE01AE8723E61242002F36FA /* Release */ = {
			isa = XCBuildConfiguration;
			buildSettings = {
				ALWAYS_SEARCH_USER_PATHS = NO;
				CLANG_ANALYZER_NONNULL = YES;
				CLANG_ANALYZER_NUMBER_OBJECT_CONVERSION = YES_AGGRESSIVE;
				CLANG_CXX_LANGUAGE_STANDARD = "gnu++14";
				CLANG_CXX_LIBRARY = "libc++";
				CLANG_ENABLE_MODULES = YES;
				CLANG_ENABLE_OBJC_ARC = YES;
				CLANG_ENABLE_OBJC_WEAK = YES;
				CLANG_WARN_BLOCK_CAPTURE_AUTORELEASING = YES;
				CLANG_WARN_BOOL_CONVERSION = YES;
				CLANG_WARN_COMMA = YES;
				CLANG_WARN_CONSTANT_CONVERSION = YES;
				CLANG_WARN_DEPRECATED_OBJC_IMPLEMENTATIONS = YES;
				CLANG_WARN_DIRECT_OBJC_ISA_USAGE = YES_ERROR;
				CLANG_WARN_DOCUMENTATION_COMMENTS = YES;
				CLANG_WARN_EMPTY_BODY = YES;
				CLANG_WARN_ENUM_CONVERSION = YES;
				CLANG_WARN_INFINITE_RECURSION = YES;
				CLANG_WARN_INT_CONVERSION = YES;
				CLANG_WARN_NON_LITERAL_NULL_CONVERSION = YES;
				CLANG_WARN_OBJC_IMPLICIT_RETAIN_SELF = YES;
				CLANG_WARN_OBJC_LITERAL_CONVERSION = YES;
				CLANG_WARN_OBJC_ROOT_CLASS = YES_ERROR;
				CLANG_WARN_RANGE_LOOP_ANALYSIS = YES;
				CLANG_WARN_STRICT_PROTOTYPES = YES;
				CLANG_WARN_SUSPICIOUS_MOVE = YES;
				CLANG_WARN_UNGUARDED_AVAILABILITY = YES_AGGRESSIVE;
				CLANG_WARN_UNREACHABLE_CODE = YES;
				CLANG_WARN__DUPLICATE_METHOD_MATCH = YES;
				COPY_PHASE_STRIP = NO;
				DEBUG_INFORMATION_FORMAT = "dwarf-with-dsym";
				ENABLE_NS_ASSERTIONS = NO;
				ENABLE_STRICT_OBJC_MSGSEND = YES;
				GCC_C_LANGUAGE_STANDARD = gnu11;
				GCC_NO_COMMON_BLOCKS = YES;
				GCC_WARN_64_TO_32_BIT_CONVERSION = YES;
				GCC_WARN_ABOUT_RETURN_TYPE = YES_ERROR;
				GCC_WARN_UNDECLARED_SELECTOR = YES;
				GCC_WARN_UNINITIALIZED_AUTOS = YES_AGGRESSIVE;
				GCC_WARN_UNUSED_FUNCTION = YES;
				GCC_WARN_UNUSED_VARIABLE = YES;
				IPHONEOS_DEPLOYMENT_TARGET = 13.2;
				MTL_ENABLE_DEBUG_INFO = NO;
				MTL_FAST_MATH = YES;
				SDKROOT = iphoneos;
				SWIFT_COMPILATION_MODE = wholemodule;
				SWIFT_OPTIMIZATION_LEVEL = "-O";
				VALIDATE_PRODUCT = YES;
			};
			name = Release;
		};
		FE01AE8923E61242002F36FA /* Debug */ = {
			isa = XCBuildConfiguration;
			baseConfigurationReference = 47EA7193EDD4B5F8FAA43DAD /* Pods-Polink.debug.xcconfig */;
			buildSettings = {
				ALWAYS_SEARCH_USER_PATHS = NO;
				ASSETCATALOG_COMPILER_APPICON_NAME = AppIcon;
				CODE_SIGN_ENTITLEMENTS = Polink/Polink.entitlements;
				CODE_SIGN_IDENTITY = "Apple Development";
				CODE_SIGN_STYLE = Automatic;
				CURRENT_PROJECT_VERSION = 8;
				DEVELOPMENT_TEAM = 3FH52996L3;
				INFOPLIST_FILE = "$(SRCROOT)/Polink/Supporting Files/Info.plist";
				IPHONEOS_DEPLOYMENT_TARGET = 13.0;
				LD_RUNPATH_SEARCH_PATHS = (
					"$(inherited)",
					"@executable_path/Frameworks",
				);
				MARKETING_VERSION = 1.3.2;
				PRODUCT_BUNDLE_IDENTIFIER = "com.jlsv.polink-dev";
				PRODUCT_NAME = Polink;
				PROVISIONING_PROFILE_SPECIFIER = "";
				SWIFT_VERSION = 5.0;
				TARGETED_DEVICE_FAMILY = 1;
			};
			name = Debug;
		};
		FE01AE8A23E61242002F36FA /* Release */ = {
			isa = XCBuildConfiguration;
			baseConfigurationReference = 79EE6A75AFBC42B481B3A336 /* Pods-Polink.release.xcconfig */;
			buildSettings = {
				ALWAYS_SEARCH_USER_PATHS = NO;
				ASSETCATALOG_COMPILER_APPICON_NAME = AppIcon;
				CODE_SIGN_ENTITLEMENTS = Polink/Polink.entitlements;
				CODE_SIGN_IDENTITY = "Apple Development";
				CODE_SIGN_STYLE = Automatic;
				CURRENT_PROJECT_VERSION = 8;
				DEVELOPMENT_TEAM = 3FH52996L3;
				INFOPLIST_FILE = "$(SRCROOT)/Polink/Supporting Files/Info.plist";
				IPHONEOS_DEPLOYMENT_TARGET = 13.0;
				LD_RUNPATH_SEARCH_PATHS = (
					"$(inherited)",
					"@executable_path/Frameworks",
				);
				MARKETING_VERSION = 1.3.2;
				PRODUCT_BUNDLE_IDENTIFIER = "com.jlsv.polink-dev";
				PRODUCT_NAME = Polink;
				PROVISIONING_PROFILE_SPECIFIER = "";
				SWIFT_VERSION = 5.0;
				TARGETED_DEVICE_FAMILY = 1;
			};
			name = Release;
		};
/* End XCBuildConfiguration section */

/* Begin XCConfigurationList section */
		FE01AE6F23E61240002F36FA /* Build configuration list for PBXProject "Polink" */ = {
			isa = XCConfigurationList;
			buildConfigurations = (
				FE01AE8623E61242002F36FA /* Debug */,
				FE01AE8723E61242002F36FA /* Release */,
			);
			defaultConfigurationIsVisible = 0;
			defaultConfigurationName = Release;
		};
		FE01AE8823E61242002F36FA /* Build configuration list for PBXNativeTarget "Polink" */ = {
			isa = XCConfigurationList;
			buildConfigurations = (
				FE01AE8923E61242002F36FA /* Debug */,
				FE01AE8A23E61242002F36FA /* Release */,
			);
			defaultConfigurationIsVisible = 0;
			defaultConfigurationName = Release;
		};
/* End XCConfigurationList section */
	};
	rootObject = FE01AE6C23E61240002F36FA /* Project object */;
}
